
Microsoft Visual Studio Solution File, Format Version 12.00
# Visual Studio 15
VisualStudioVersion = 15.0.27004.2010
MinimumVisualStudioVersion = 10.0.40219.1
Project("{FAE04EC0-301F-11D3-BF4B-00C04F79EFBC}") = "AndroidResourceSanity", "AndroidResourceSanity.csproj", "{6FE76CE4-5398-4636-864F-24371DD79CCF}"
EndProject
Global
	GlobalSection(SolutionConfigurationPlatforms) = preSolution
		Debug|Any CPU = Debug|Any CPU
		Release|Any CPU = Release|Any CPU
	EndGlobalSection
	GlobalSection(ProjectConfigurationPlatforms) = postSolution
		{6FE76CE4-5398-4636-864F-24371DD79CCF}.Debug|Any CPU.ActiveCfg = Debug|Any CPU
		{6FE76CE4-5398-4636-864F-24371DD79CCF}.Debug|Any CPU.Build.0 = Debug|Any CPU
		{6FE76CE4-5398-4636-864F-24371DD79CCF}.Debug|Any CPU.Deploy.0 = Debug|Any CPU
		{6FE76CE4-5398-4636-864F-24371DD79CCF}.Release|Any CPU.ActiveCfg = Release|Any CPU
		{6FE76CE4-5398-4636-864F-24371DD79CCF}.Release|Any CPU.Build.0 = Release|Any CPU
		{6FE76CE4-5398-4636-864F-24371DD79CCF}.Release|Any CPU.Deploy.0 = Release|Any CPU
	EndGlobalSection
	GlobalSection(SolutionProperties) = preSolution
		HideSolutionNode = FALSE
	EndGlobalSection
	GlobalSection(ExtensibilityGlobals) = postSolution
		SolutionGuid = {C4841D8B-5FFD-4271-9F5A-A40C519AA740}
	EndGlobalSection
EndGlobal
