
Microsoft Visual Studio Solution File, Format Version 12.00
# Visual Studio Version 16
VisualStudioVersion = 16.0.29209.152
MinimumVisualStudioVersion = 10.0.40219.1
Project("{9A19103F-16F7-4668-BE54-9A1E7A4F7556}") = "MvvmCross.Plugins.Fingerprint", "MvvmCross.Plugins.Fingerprint\MvvmCross.Plugins.Fingerprint.csproj", "{99AF4877-02DF-4DAE-A524-4056BAE82614}"
EndProject
Project("{2150E333-8FDC-42A3-9474-1A3956D46DE8}") = ".doc", ".doc", "{7674D66B-F32B-4C41-9843-FDAC66BE96E7}"
	ProjectSection(SolutionItems) = preProject
		..\doc\changelog.md = ..\doc\changelog.md
		..\README.md = ..\README.md
	EndProjectSection
EndProject
Project("{9A19103F-16F7-4668-BE54-9A1E7A4F7556}") = "Plugin.Fingerprint", "Plugin.Fingerprint\Plugin.Fingerprint.csproj", "{E519A552-0A87-4E3C-965A-721426E32637}"
	ProjectSection(ProjectDependencies) = postProject
		{A7506939-7402-4E6C-987B-4810ABB5BCAF} = {A7506939-7402-4E6C-987B-4810ABB5BCAF}
	EndProjectSection
EndProject
Project("{2150E333-8FDC-42A3-9474-1A3956D46DE8}") = "Solution Items", "Solution Items", "{334B1D5B-3342-4642-815D-8AA5BFEC8DF4}"
	ProjectSection(SolutionItems) = preProject
		Directory.build.props = Directory.build.props
		global.json = global.json
	EndProjectSection
EndProject
Project("{2150E333-8FDC-42A3-9474-1A3956D46DE8}") = "Sample", "Sample", "{E08448C2-5DBD-4F9B-A02D-3830D5F26678}"
EndProject
Project("{9A19103F-16F7-4668-BE54-9A1E7A4F7556}") = "Sample", "Sample\Sample.csproj", "{38208E3F-C0C9-42A8-A0AC-6306CC689E52}"
EndProject
Project("{FAE04EC0-301F-11D3-BF4B-00C04F79EFBC}") = "Sample.Android", "Sample.Android\Sample.Android.csproj", "{2C9E7F49-4483-4CF7-AE59-75C587365101}"
EndProject
Project("{FAE04EC0-301F-11D3-BF4B-00C04F79EFBC}") = "Sample.iOS", "Sample.iOS\Sample.iOS.csproj", "{08694D92-346F-4611-89A5-57B06F30FE2B}"
EndProject
Project("{FAE04EC0-301F-11D3-BF4B-00C04F79EFBC}") = "Sample.UWP", "Sample.UWP\Sample.UWP.csproj", "{3B8A0D2F-B826-4251-8CA6-0C0F9E1222D6}"
EndProject
Project("{FAE04EC0-301F-11D3-BF4B-00C04F79EFBC}") = "AndroidX.Biometric", "AndroidX.Biometric\AndroidX.Biometric.csproj", "{A7506939-7402-4E6C-987B-4810ABB5BCAF}"
EndProject
Global
	GlobalSection(SolutionConfigurationPlatforms) = preSolution
		Ad-Hoc|Any CPU = Ad-Hoc|Any CPU
		Ad-Hoc|ARM = Ad-Hoc|ARM
		Ad-Hoc|iPhone = Ad-Hoc|iPhone
		Ad-Hoc|iPhoneSimulator = Ad-Hoc|iPhoneSimulator
		Ad-Hoc|x64 = Ad-Hoc|x64
		Ad-Hoc|x86 = Ad-Hoc|x86
		AppStore|Any CPU = AppStore|Any CPU
		AppStore|ARM = AppStore|ARM
		AppStore|iPhone = AppStore|iPhone
		AppStore|iPhoneSimulator = AppStore|iPhoneSimulator
		AppStore|x64 = AppStore|x64
		AppStore|x86 = AppStore|x86
		Debug|Any CPU = Debug|Any CPU
		Debug|ARM = Debug|ARM
		Debug|iPhone = Debug|iPhone
		Debug|iPhoneSimulator = Debug|iPhoneSimulator
		Debug|x64 = Debug|x64
		Debug|x86 = Debug|x86
		Release|Any CPU = Release|Any CPU
		Release|ARM = Release|ARM
		Release|iPhone = Release|iPhone
		Release|iPhoneSimulator = Release|iPhoneSimulator
		Release|x64 = Release|x64
		Release|x86 = Release|x86
	EndGlobalSection
	GlobalSection(ProjectConfigurationPlatforms) = postSolution
		{99AF4877-02DF-4DAE-A524-4056BAE82614}.Ad-Hoc|Any CPU.ActiveCfg = Release|Any CPU
		{99AF4877-02DF-4DAE-A524-4056BAE82614}.Ad-Hoc|Any CPU.Build.0 = Release|Any CPU
		{99AF4877-02DF-4DAE-A524-4056BAE82614}.Ad-Hoc|ARM.ActiveCfg = Release|Any CPU
		{99AF4877-02DF-4DAE-A524-4056BAE82614}.Ad-Hoc|ARM.Build.0 = Release|Any CPU
		{99AF4877-02DF-4DAE-A524-4056BAE82614}.Ad-Hoc|iPhone.ActiveCfg = Release|Any CPU
		{99AF4877-02DF-4DAE-A524-4056BAE82614}.Ad-Hoc|iPhone.Build.0 = Release|Any CPU
		{99AF4877-02DF-4DAE-A524-4056BAE82614}.Ad-Hoc|iPhoneSimulator.ActiveCfg = Release|Any CPU
		{99AF4877-02DF-4DAE-A524-4056BAE82614}.Ad-Hoc|iPhoneSimulator.Build.0 = Release|Any CPU
		{99AF4877-02DF-4DAE-A524-4056BAE82614}.Ad-Hoc|x64.ActiveCfg = Release|Any CPU
		{99AF4877-02DF-4DAE-A524-4056BAE82614}.Ad-Hoc|x64.Build.0 = Release|Any CPU
		{99AF4877-02DF-4DAE-A524-4056BAE82614}.Ad-Hoc|x86.ActiveCfg = Release|Any CPU
		{99AF4877-02DF-4DAE-A524-4056BAE82614}.Ad-Hoc|x86.Build.0 = Release|Any CPU
		{99AF4877-02DF-4DAE-A524-4056BAE82614}.AppStore|Any CPU.ActiveCfg = Release|Any CPU
		{99AF4877-02DF-4DAE-A524-4056BAE82614}.AppStore|Any CPU.Build.0 = Release|Any CPU
		{99AF4877-02DF-4DAE-A524-4056BAE82614}.AppStore|ARM.ActiveCfg = Release|Any CPU
		{99AF4877-02DF-4DAE-A524-4056BAE82614}.AppStore|ARM.Build.0 = Release|Any CPU
		{99AF4877-02DF-4DAE-A524-4056BAE82614}.AppStore|iPhone.ActiveCfg = Release|Any CPU
		{99AF4877-02DF-4DAE-A524-4056BAE82614}.AppStore|iPhone.Build.0 = Release|Any CPU
		{99AF4877-02DF-4DAE-A524-4056BAE82614}.AppStore|iPhoneSimulator.ActiveCfg = Release|Any CPU
		{99AF4877-02DF-4DAE-A524-4056BAE82614}.AppStore|iPhoneSimulator.Build.0 = Release|Any CPU
		{99AF4877-02DF-4DAE-A524-4056BAE82614}.AppStore|x64.ActiveCfg = Release|Any CPU
		{99AF4877-02DF-4DAE-A524-4056BAE82614}.AppStore|x64.Build.0 = Release|Any CPU
		{99AF4877-02DF-4DAE-A524-4056BAE82614}.AppStore|x86.ActiveCfg = Release|Any CPU
		{99AF4877-02DF-4DAE-A524-4056BAE82614}.AppStore|x86.Build.0 = Release|Any CPU
		{99AF4877-02DF-4DAE-A524-4056BAE82614}.Debug|Any CPU.ActiveCfg = Debug|Any CPU
		{99AF4877-02DF-4DAE-A524-4056BAE82614}.Debug|Any CPU.Build.0 = Debug|Any CPU
		{99AF4877-02DF-4DAE-A524-4056BAE82614}.Debug|ARM.ActiveCfg = Debug|Any CPU
		{99AF4877-02DF-4DAE-A524-4056BAE82614}.Debug|ARM.Build.0 = Debug|Any CPU
		{99AF4877-02DF-4DAE-A524-4056BAE82614}.Debug|iPhone.ActiveCfg = Debug|Any CPU
		{99AF4877-02DF-4DAE-A524-4056BAE82614}.Debug|iPhone.Build.0 = Debug|Any CPU
		{99AF4877-02DF-4DAE-A524-4056BAE82614}.Debug|iPhoneSimulator.ActiveCfg = Debug|Any CPU
		{99AF4877-02DF-4DAE-A524-4056BAE82614}.Debug|iPhoneSimulator.Build.0 = Debug|Any CPU
		{99AF4877-02DF-4DAE-A524-4056BAE82614}.Debug|x64.ActiveCfg = Debug|Any CPU
		{99AF4877-02DF-4DAE-A524-4056BAE82614}.Debug|x64.Build.0 = Debug|Any CPU
		{99AF4877-02DF-4DAE-A524-4056BAE82614}.Debug|x86.ActiveCfg = Debug|Any CPU
		{99AF4877-02DF-4DAE-A524-4056BAE82614}.Debug|x86.Build.0 = Debug|Any CPU
		{99AF4877-02DF-4DAE-A524-4056BAE82614}.Release|Any CPU.ActiveCfg = Release|Any CPU
		{99AF4877-02DF-4DAE-A524-4056BAE82614}.Release|Any CPU.Build.0 = Release|Any CPU
		{99AF4877-02DF-4DAE-A524-4056BAE82614}.Release|ARM.ActiveCfg = Release|Any CPU
		{99AF4877-02DF-4DAE-A524-4056BAE82614}.Release|ARM.Build.0 = Release|Any CPU
		{99AF4877-02DF-4DAE-A524-4056BAE82614}.Release|iPhone.ActiveCfg = Release|Any CPU
		{99AF4877-02DF-4DAE-A524-4056BAE82614}.Release|iPhone.Build.0 = Release|Any CPU
		{99AF4877-02DF-4DAE-A524-4056BAE82614}.Release|iPhoneSimulator.ActiveCfg = Release|Any CPU
		{99AF4877-02DF-4DAE-A524-4056BAE82614}.Release|iPhoneSimulator.Build.0 = Release|Any CPU
		{99AF4877-02DF-4DAE-A524-4056BAE82614}.Release|x64.ActiveCfg = Release|Any CPU
		{99AF4877-02DF-4DAE-A524-4056BAE82614}.Release|x64.Build.0 = Release|Any CPU
		{99AF4877-02DF-4DAE-A524-4056BAE82614}.Release|x86.ActiveCfg = Release|Any CPU
		{99AF4877-02DF-4DAE-A524-4056BAE82614}.Release|x86.Build.0 = Release|Any CPU
		{E519A552-0A87-4E3C-965A-721426E32637}.Ad-Hoc|Any CPU.ActiveCfg = Debug|Any CPU
		{E519A552-0A87-4E3C-965A-721426E32637}.Ad-Hoc|Any CPU.Build.0 = Debug|Any CPU
		{E519A552-0A87-4E3C-965A-721426E32637}.Ad-Hoc|ARM.ActiveCfg = Debug|Any CPU
		{E519A552-0A87-4E3C-965A-721426E32637}.Ad-Hoc|ARM.Build.0 = Debug|Any CPU
		{E519A552-0A87-4E3C-965A-721426E32637}.Ad-Hoc|iPhone.ActiveCfg = Debug|Any CPU
		{E519A552-0A87-4E3C-965A-721426E32637}.Ad-Hoc|iPhone.Build.0 = Debug|Any CPU
		{E519A552-0A87-4E3C-965A-721426E32637}.Ad-Hoc|iPhoneSimulator.ActiveCfg = Debug|Any CPU
		{E519A552-0A87-4E3C-965A-721426E32637}.Ad-Hoc|iPhoneSimulator.Build.0 = Debug|Any CPU
		{E519A552-0A87-4E3C-965A-721426E32637}.Ad-Hoc|x64.ActiveCfg = Debug|Any CPU
		{E519A552-0A87-4E3C-965A-721426E32637}.Ad-Hoc|x64.Build.0 = Debug|Any CPU
		{E519A552-0A87-4E3C-965A-721426E32637}.Ad-Hoc|x86.ActiveCfg = Debug|Any CPU
		{E519A552-0A87-4E3C-965A-721426E32637}.Ad-Hoc|x86.Build.0 = Debug|Any CPU
		{E519A552-0A87-4E3C-965A-721426E32637}.AppStore|Any CPU.ActiveCfg = Debug|Any CPU
		{E519A552-0A87-4E3C-965A-721426E32637}.AppStore|Any CPU.Build.0 = Debug|Any CPU
		{E519A552-0A87-4E3C-965A-721426E32637}.AppStore|ARM.ActiveCfg = Debug|Any CPU
		{E519A552-0A87-4E3C-965A-721426E32637}.AppStore|ARM.Build.0 = Debug|Any CPU
		{E519A552-0A87-4E3C-965A-721426E32637}.AppStore|iPhone.ActiveCfg = Debug|Any CPU
		{E519A552-0A87-4E3C-965A-721426E32637}.AppStore|iPhone.Build.0 = Debug|Any CPU
		{E519A552-0A87-4E3C-965A-721426E32637}.AppStore|iPhoneSimulator.ActiveCfg = Debug|Any CPU
		{E519A552-0A87-4E3C-965A-721426E32637}.AppStore|iPhoneSimulator.Build.0 = Debug|Any CPU
		{E519A552-0A87-4E3C-965A-721426E32637}.AppStore|x64.ActiveCfg = Debug|Any CPU
		{E519A552-0A87-4E3C-965A-721426E32637}.AppStore|x64.Build.0 = Debug|Any CPU
		{E519A552-0A87-4E3C-965A-721426E32637}.AppStore|x86.ActiveCfg = Debug|Any CPU
		{E519A552-0A87-4E3C-965A-721426E32637}.AppStore|x86.Build.0 = Debug|Any CPU
		{E519A552-0A87-4E3C-965A-721426E32637}.Debug|Any CPU.ActiveCfg = Debug|Any CPU
		{E519A552-0A87-4E3C-965A-721426E32637}.Debug|Any CPU.Build.0 = Debug|Any CPU
		{E519A552-0A87-4E3C-965A-721426E32637}.Debug|ARM.ActiveCfg = Debug|Any CPU
		{E519A552-0A87-4E3C-965A-721426E32637}.Debug|ARM.Build.0 = Debug|Any CPU
		{E519A552-0A87-4E3C-965A-721426E32637}.Debug|iPhone.ActiveCfg = Debug|Any CPU
		{E519A552-0A87-4E3C-965A-721426E32637}.Debug|iPhone.Build.0 = Debug|Any CPU
		{E519A552-0A87-4E3C-965A-721426E32637}.Debug|iPhoneSimulator.ActiveCfg = Debug|Any CPU
		{E519A552-0A87-4E3C-965A-721426E32637}.Debug|iPhoneSimulator.Build.0 = Debug|Any CPU
		{E519A552-0A87-4E3C-965A-721426E32637}.Debug|x64.ActiveCfg = Debug|Any CPU
		{E519A552-0A87-4E3C-965A-721426E32637}.Debug|x64.Build.0 = Debug|Any CPU
		{E519A552-0A87-4E3C-965A-721426E32637}.Debug|x86.ActiveCfg = Debug|Any CPU
		{E519A552-0A87-4E3C-965A-721426E32637}.Debug|x86.Build.0 = Debug|Any CPU
		{E519A552-0A87-4E3C-965A-721426E32637}.Release|Any CPU.ActiveCfg = Release|Any CPU
		{E519A552-0A87-4E3C-965A-721426E32637}.Release|Any CPU.Build.0 = Release|Any CPU
		{E519A552-0A87-4E3C-965A-721426E32637}.Release|ARM.ActiveCfg = Release|Any CPU
		{E519A552-0A87-4E3C-965A-721426E32637}.Release|ARM.Build.0 = Release|Any CPU
		{E519A552-0A87-4E3C-965A-721426E32637}.Release|iPhone.ActiveCfg = Release|Any CPU
		{E519A552-0A87-4E3C-965A-721426E32637}.Release|iPhone.Build.0 = Release|Any CPU
		{E519A552-0A87-4E3C-965A-721426E32637}.Release|iPhoneSimulator.ActiveCfg = Release|Any CPU
		{E519A552-0A87-4E3C-965A-721426E32637}.Release|iPhoneSimulator.Build.0 = Release|Any CPU
		{E519A552-0A87-4E3C-965A-721426E32637}.Release|x64.ActiveCfg = Release|Any CPU
		{E519A552-0A87-4E3C-965A-721426E32637}.Release|x64.Build.0 = Release|Any CPU
		{E519A552-0A87-4E3C-965A-721426E32637}.Release|x86.ActiveCfg = Release|Any CPU
		{E519A552-0A87-4E3C-965A-721426E32637}.Release|x86.Build.0 = Release|Any CPU
		{38208E3F-C0C9-42A8-A0AC-6306CC689E52}.Ad-Hoc|Any CPU.ActiveCfg = Debug|Any CPU
		{38208E3F-C0C9-42A8-A0AC-6306CC689E52}.Ad-Hoc|Any CPU.Build.0 = Debug|Any CPU
		{38208E3F-C0C9-42A8-A0AC-6306CC689E52}.Ad-Hoc|ARM.ActiveCfg = Debug|Any CPU
		{38208E3F-C0C9-42A8-A0AC-6306CC689E52}.Ad-Hoc|ARM.Build.0 = Debug|Any CPU
		{38208E3F-C0C9-42A8-A0AC-6306CC689E52}.Ad-Hoc|iPhone.ActiveCfg = Debug|Any CPU
		{38208E3F-C0C9-42A8-A0AC-6306CC689E52}.Ad-Hoc|iPhone.Build.0 = Debug|Any CPU
		{38208E3F-C0C9-42A8-A0AC-6306CC689E52}.Ad-Hoc|iPhoneSimulator.ActiveCfg = Debug|Any CPU
		{38208E3F-C0C9-42A8-A0AC-6306CC689E52}.Ad-Hoc|iPhoneSimulator.Build.0 = Debug|Any CPU
		{38208E3F-C0C9-42A8-A0AC-6306CC689E52}.Ad-Hoc|x64.ActiveCfg = Debug|Any CPU
		{38208E3F-C0C9-42A8-A0AC-6306CC689E52}.Ad-Hoc|x64.Build.0 = Debug|Any CPU
		{38208E3F-C0C9-42A8-A0AC-6306CC689E52}.Ad-Hoc|x86.ActiveCfg = Debug|Any CPU
		{38208E3F-C0C9-42A8-A0AC-6306CC689E52}.Ad-Hoc|x86.Build.0 = Debug|Any CPU
		{38208E3F-C0C9-42A8-A0AC-6306CC689E52}.AppStore|Any CPU.ActiveCfg = Debug|Any CPU
		{38208E3F-C0C9-42A8-A0AC-6306CC689E52}.AppStore|Any CPU.Build.0 = Debug|Any CPU
		{38208E3F-C0C9-42A8-A0AC-6306CC689E52}.AppStore|ARM.ActiveCfg = Debug|Any CPU
		{38208E3F-C0C9-42A8-A0AC-6306CC689E52}.AppStore|ARM.Build.0 = Debug|Any CPU
		{38208E3F-C0C9-42A8-A0AC-6306CC689E52}.AppStore|iPhone.ActiveCfg = Debug|Any CPU
		{38208E3F-C0C9-42A8-A0AC-6306CC689E52}.AppStore|iPhone.Build.0 = Debug|Any CPU
		{38208E3F-C0C9-42A8-A0AC-6306CC689E52}.AppStore|iPhoneSimulator.ActiveCfg = Debug|Any CPU
		{38208E3F-C0C9-42A8-A0AC-6306CC689E52}.AppStore|iPhoneSimulator.Build.0 = Debug|Any CPU
		{38208E3F-C0C9-42A8-A0AC-6306CC689E52}.AppStore|x64.ActiveCfg = Debug|Any CPU
		{38208E3F-C0C9-42A8-A0AC-6306CC689E52}.AppStore|x64.Build.0 = Debug|Any CPU
		{38208E3F-C0C9-42A8-A0AC-6306CC689E52}.AppStore|x86.ActiveCfg = Debug|Any CPU
		{38208E3F-C0C9-42A8-A0AC-6306CC689E52}.AppStore|x86.Build.0 = Debug|Any CPU
		{38208E3F-C0C9-42A8-A0AC-6306CC689E52}.Debug|Any CPU.ActiveCfg = Debug|Any CPU
		{38208E3F-C0C9-42A8-A0AC-6306CC689E52}.Debug|Any CPU.Build.0 = Debug|Any CPU
		{38208E3F-C0C9-42A8-A0AC-6306CC689E52}.Debug|ARM.ActiveCfg = Debug|Any CPU
		{38208E3F-C0C9-42A8-A0AC-6306CC689E52}.Debug|ARM.Build.0 = Debug|Any CPU
		{38208E3F-C0C9-42A8-A0AC-6306CC689E52}.Debug|iPhone.ActiveCfg = Debug|Any CPU
		{38208E3F-C0C9-42A8-A0AC-6306CC689E52}.Debug|iPhone.Build.0 = Debug|Any CPU
		{38208E3F-C0C9-42A8-A0AC-6306CC689E52}.Debug|iPhoneSimulator.ActiveCfg = Debug|Any CPU
		{38208E3F-C0C9-42A8-A0AC-6306CC689E52}.Debug|iPhoneSimulator.Build.0 = Debug|Any CPU
		{38208E3F-C0C9-42A8-A0AC-6306CC689E52}.Debug|x64.ActiveCfg = Debug|Any CPU
		{38208E3F-C0C9-42A8-A0AC-6306CC689E52}.Debug|x64.Build.0 = Debug|Any CPU
		{38208E3F-C0C9-42A8-A0AC-6306CC689E52}.Debug|x86.ActiveCfg = Debug|Any CPU
		{38208E3F-C0C9-42A8-A0AC-6306CC689E52}.Debug|x86.Build.0 = Debug|Any CPU
		{38208E3F-C0C9-42A8-A0AC-6306CC689E52}.Release|Any CPU.ActiveCfg = Release|Any CPU
		{38208E3F-C0C9-42A8-A0AC-6306CC689E52}.Release|Any CPU.Build.0 = Release|Any CPU
		{38208E3F-C0C9-42A8-A0AC-6306CC689E52}.Release|ARM.ActiveCfg = Release|Any CPU
		{38208E3F-C0C9-42A8-A0AC-6306CC689E52}.Release|ARM.Build.0 = Release|Any CPU
		{38208E3F-C0C9-42A8-A0AC-6306CC689E52}.Release|iPhone.ActiveCfg = Release|Any CPU
		{38208E3F-C0C9-42A8-A0AC-6306CC689E52}.Release|iPhone.Build.0 = Release|Any CPU
		{38208E3F-C0C9-42A8-A0AC-6306CC689E52}.Release|iPhoneSimulator.ActiveCfg = Release|Any CPU
		{38208E3F-C0C9-42A8-A0AC-6306CC689E52}.Release|iPhoneSimulator.Build.0 = Release|Any CPU
		{38208E3F-C0C9-42A8-A0AC-6306CC689E52}.Release|x64.ActiveCfg = Release|Any CPU
		{38208E3F-C0C9-42A8-A0AC-6306CC689E52}.Release|x64.Build.0 = Release|Any CPU
		{38208E3F-C0C9-42A8-A0AC-6306CC689E52}.Release|x86.ActiveCfg = Release|Any CPU
		{38208E3F-C0C9-42A8-A0AC-6306CC689E52}.Release|x86.Build.0 = Release|Any CPU
		{2C9E7F49-4483-4CF7-AE59-75C587365101}.Ad-Hoc|Any CPU.ActiveCfg = Release|Any CPU
		{2C9E7F49-4483-4CF7-AE59-75C587365101}.Ad-Hoc|Any CPU.Build.0 = Release|Any CPU
		{2C9E7F49-4483-4CF7-AE59-75C587365101}.Ad-Hoc|Any CPU.Deploy.0 = Release|Any CPU
		{2C9E7F49-4483-4CF7-AE59-75C587365101}.Ad-Hoc|ARM.ActiveCfg = Release|Any CPU
		{2C9E7F49-4483-4CF7-AE59-75C587365101}.Ad-Hoc|ARM.Build.0 = Release|Any CPU
		{2C9E7F49-4483-4CF7-AE59-75C587365101}.Ad-Hoc|ARM.Deploy.0 = Release|Any CPU
		{2C9E7F49-4483-4CF7-AE59-75C587365101}.Ad-Hoc|iPhone.ActiveCfg = Release|Any CPU
		{2C9E7F49-4483-4CF7-AE59-75C587365101}.Ad-Hoc|iPhone.Build.0 = Release|Any CPU
		{2C9E7F49-4483-4CF7-AE59-75C587365101}.Ad-Hoc|iPhone.Deploy.0 = Release|Any CPU
		{2C9E7F49-4483-4CF7-AE59-75C587365101}.Ad-Hoc|iPhoneSimulator.ActiveCfg = Release|Any CPU
		{2C9E7F49-4483-4CF7-AE59-75C587365101}.Ad-Hoc|iPhoneSimulator.Build.0 = Release|Any CPU
		{2C9E7F49-4483-4CF7-AE59-75C587365101}.Ad-Hoc|iPhoneSimulator.Deploy.0 = Release|Any CPU
		{2C9E7F49-4483-4CF7-AE59-75C587365101}.Ad-Hoc|x64.ActiveCfg = Release|Any CPU
		{2C9E7F49-4483-4CF7-AE59-75C587365101}.Ad-Hoc|x64.Build.0 = Release|Any CPU
		{2C9E7F49-4483-4CF7-AE59-75C587365101}.Ad-Hoc|x64.Deploy.0 = Release|Any CPU
		{2C9E7F49-4483-4CF7-AE59-75C587365101}.Ad-Hoc|x86.ActiveCfg = Release|Any CPU
		{2C9E7F49-4483-4CF7-AE59-75C587365101}.Ad-Hoc|x86.Build.0 = Release|Any CPU
		{2C9E7F49-4483-4CF7-AE59-75C587365101}.Ad-Hoc|x86.Deploy.0 = Release|Any CPU
		{2C9E7F49-4483-4CF7-AE59-75C587365101}.AppStore|Any CPU.ActiveCfg = Release|Any CPU
		{2C9E7F49-4483-4CF7-AE59-75C587365101}.AppStore|Any CPU.Build.0 = Release|Any CPU
		{2C9E7F49-4483-4CF7-AE59-75C587365101}.AppStore|Any CPU.Deploy.0 = Release|Any CPU
		{2C9E7F49-4483-4CF7-AE59-75C587365101}.AppStore|ARM.ActiveCfg = Release|Any CPU
		{2C9E7F49-4483-4CF7-AE59-75C587365101}.AppStore|ARM.Build.0 = Release|Any CPU
		{2C9E7F49-4483-4CF7-AE59-75C587365101}.AppStore|ARM.Deploy.0 = Release|Any CPU
		{2C9E7F49-4483-4CF7-AE59-75C587365101}.AppStore|iPhone.ActiveCfg = Release|Any CPU
		{2C9E7F49-4483-4CF7-AE59-75C587365101}.AppStore|iPhone.Build.0 = Release|Any CPU
		{2C9E7F49-4483-4CF7-AE59-75C587365101}.AppStore|iPhone.Deploy.0 = Release|Any CPU
		{2C9E7F49-4483-4CF7-AE59-75C587365101}.AppStore|iPhoneSimulator.ActiveCfg = Release|Any CPU
		{2C9E7F49-4483-4CF7-AE59-75C587365101}.AppStore|iPhoneSimulator.Build.0 = Release|Any CPU
		{2C9E7F49-4483-4CF7-AE59-75C587365101}.AppStore|iPhoneSimulator.Deploy.0 = Release|Any CPU
		{2C9E7F49-4483-4CF7-AE59-75C587365101}.AppStore|x64.ActiveCfg = Release|Any CPU
		{2C9E7F49-4483-4CF7-AE59-75C587365101}.AppStore|x64.Build.0 = Release|Any CPU
		{2C9E7F49-4483-4CF7-AE59-75C587365101}.AppStore|x64.Deploy.0 = Release|Any CPU
		{2C9E7F49-4483-4CF7-AE59-75C587365101}.AppStore|x86.ActiveCfg = Release|Any CPU
		{2C9E7F49-4483-4CF7-AE59-75C587365101}.AppStore|x86.Build.0 = Release|Any CPU
		{2C9E7F49-4483-4CF7-AE59-75C587365101}.AppStore|x86.Deploy.0 = Release|Any CPU
		{2C9E7F49-4483-4CF7-AE59-75C587365101}.Debug|Any CPU.ActiveCfg = Debug|Any CPU
		{2C9E7F49-4483-4CF7-AE59-75C587365101}.Debug|Any CPU.Build.0 = Debug|Any CPU
		{2C9E7F49-4483-4CF7-AE59-75C587365101}.Debug|Any CPU.Deploy.0 = Debug|Any CPU
		{2C9E7F49-4483-4CF7-AE59-75C587365101}.Debug|ARM.ActiveCfg = Debug|Any CPU
		{2C9E7F49-4483-4CF7-AE59-75C587365101}.Debug|ARM.Build.0 = Debug|Any CPU
		{2C9E7F49-4483-4CF7-AE59-75C587365101}.Debug|ARM.Deploy.0 = Debug|Any CPU
		{2C9E7F49-4483-4CF7-AE59-75C587365101}.Debug|iPhone.ActiveCfg = Debug|Any CPU
		{2C9E7F49-4483-4CF7-AE59-75C587365101}.Debug|iPhone.Build.0 = Debug|Any CPU
		{2C9E7F49-4483-4CF7-AE59-75C587365101}.Debug|iPhone.Deploy.0 = Debug|Any CPU
		{2C9E7F49-4483-4CF7-AE59-75C587365101}.Debug|iPhoneSimulator.ActiveCfg = Debug|Any CPU
		{2C9E7F49-4483-4CF7-AE59-75C587365101}.Debug|iPhoneSimulator.Build.0 = Debug|Any CPU
		{2C9E7F49-4483-4CF7-AE59-75C587365101}.Debug|iPhoneSimulator.Deploy.0 = Debug|Any CPU
		{2C9E7F49-4483-4CF7-AE59-75C587365101}.Debug|x64.ActiveCfg = Debug|Any CPU
		{2C9E7F49-4483-4CF7-AE59-75C587365101}.Debug|x64.Build.0 = Debug|Any CPU
		{2C9E7F49-4483-4CF7-AE59-75C587365101}.Debug|x64.Deploy.0 = Debug|Any CPU
		{2C9E7F49-4483-4CF7-AE59-75C587365101}.Debug|x86.ActiveCfg = Debug|Any CPU
		{2C9E7F49-4483-4CF7-AE59-75C587365101}.Debug|x86.Build.0 = Debug|Any CPU
		{2C9E7F49-4483-4CF7-AE59-75C587365101}.Debug|x86.Deploy.0 = Debug|Any CPU
		{2C9E7F49-4483-4CF7-AE59-75C587365101}.Release|Any CPU.ActiveCfg = Release|Any CPU
		{2C9E7F49-4483-4CF7-AE59-75C587365101}.Release|Any CPU.Build.0 = Release|Any CPU
		{2C9E7F49-4483-4CF7-AE59-75C587365101}.Release|Any CPU.Deploy.0 = Release|Any CPU
		{2C9E7F49-4483-4CF7-AE59-75C587365101}.Release|ARM.ActiveCfg = Release|Any CPU
		{2C9E7F49-4483-4CF7-AE59-75C587365101}.Release|ARM.Build.0 = Release|Any CPU
		{2C9E7F49-4483-4CF7-AE59-75C587365101}.Release|ARM.Deploy.0 = Release|Any CPU
		{2C9E7F49-4483-4CF7-AE59-75C587365101}.Release|iPhone.ActiveCfg = Release|Any CPU
		{2C9E7F49-4483-4CF7-AE59-75C587365101}.Release|iPhone.Build.0 = Release|Any CPU
		{2C9E7F49-4483-4CF7-AE59-75C587365101}.Release|iPhone.Deploy.0 = Release|Any CPU
		{2C9E7F49-4483-4CF7-AE59-75C587365101}.Release|iPhoneSimulator.ActiveCfg = Release|Any CPU
		{2C9E7F49-4483-4CF7-AE59-75C587365101}.Release|iPhoneSimulator.Build.0 = Release|Any CPU
		{2C9E7F49-4483-4CF7-AE59-75C587365101}.Release|iPhoneSimulator.Deploy.0 = Release|Any CPU
		{2C9E7F49-4483-4CF7-AE59-75C587365101}.Release|x64.ActiveCfg = Release|Any CPU
		{2C9E7F49-4483-4CF7-AE59-75C587365101}.Release|x64.Build.0 = Release|Any CPU
		{2C9E7F49-4483-4CF7-AE59-75C587365101}.Release|x64.Deploy.0 = Release|Any CPU
		{2C9E7F49-4483-4CF7-AE59-75C587365101}.Release|x86.ActiveCfg = Release|Any CPU
		{2C9E7F49-4483-4CF7-AE59-75C587365101}.Release|x86.Build.0 = Release|Any CPU
		{2C9E7F49-4483-4CF7-AE59-75C587365101}.Release|x86.Deploy.0 = Release|Any CPU
		{08694D92-346F-4611-89A5-57B06F30FE2B}.Ad-Hoc|Any CPU.ActiveCfg = Ad-Hoc|iPhone
		{08694D92-346F-4611-89A5-57B06F30FE2B}.Ad-Hoc|ARM.ActiveCfg = Ad-Hoc|iPhone
		{08694D92-346F-4611-89A5-57B06F30FE2B}.Ad-Hoc|iPhone.ActiveCfg = Ad-Hoc|iPhone
		{08694D92-346F-4611-89A5-57B06F30FE2B}.Ad-Hoc|iPhone.Build.0 = Ad-Hoc|iPhone
		{08694D92-346F-4611-89A5-57B06F30FE2B}.Ad-Hoc|iPhoneSimulator.ActiveCfg = Ad-Hoc|iPhoneSimulator
		{08694D92-346F-4611-89A5-57B06F30FE2B}.Ad-Hoc|iPhoneSimulator.Build.0 = Ad-Hoc|iPhoneSimulator
		{08694D92-346F-4611-89A5-57B06F30FE2B}.Ad-Hoc|x64.ActiveCfg = Ad-Hoc|iPhone
		{08694D92-346F-4611-89A5-57B06F30FE2B}.Ad-Hoc|x86.ActiveCfg = Ad-Hoc|iPhone
		{08694D92-346F-4611-89A5-57B06F30FE2B}.AppStore|Any CPU.ActiveCfg = AppStore|iPhone
		{08694D92-346F-4611-89A5-57B06F30FE2B}.AppStore|ARM.ActiveCfg = AppStore|iPhone
		{08694D92-346F-4611-89A5-57B06F30FE2B}.AppStore|iPhone.ActiveCfg = AppStore|iPhone
		{08694D92-346F-4611-89A5-57B06F30FE2B}.AppStore|iPhone.Build.0 = AppStore|iPhone
		{08694D92-346F-4611-89A5-57B06F30FE2B}.AppStore|iPhoneSimulator.ActiveCfg = AppStore|iPhoneSimulator
		{08694D92-346F-4611-89A5-57B06F30FE2B}.AppStore|iPhoneSimulator.Build.0 = AppStore|iPhoneSimulator
		{08694D92-346F-4611-89A5-57B06F30FE2B}.AppStore|x64.ActiveCfg = AppStore|iPhone
		{08694D92-346F-4611-89A5-57B06F30FE2B}.AppStore|x86.ActiveCfg = AppStore|iPhone
		{08694D92-346F-4611-89A5-57B06F30FE2B}.Debug|Any CPU.ActiveCfg = Debug|iPhone
		{08694D92-346F-4611-89A5-57B06F30FE2B}.Debug|ARM.ActiveCfg = Debug|iPhone
		{08694D92-346F-4611-89A5-57B06F30FE2B}.Debug|iPhone.ActiveCfg = Debug|iPhone
		{08694D92-346F-4611-89A5-57B06F30FE2B}.Debug|iPhone.Build.0 = Debug|iPhone
		{08694D92-346F-4611-89A5-57B06F30FE2B}.Debug|iPhoneSimulator.ActiveCfg = Debug|iPhoneSimulator
		{08694D92-346F-4611-89A5-57B06F30FE2B}.Debug|iPhoneSimulator.Build.0 = Debug|iPhoneSimulator
		{08694D92-346F-4611-89A5-57B06F30FE2B}.Debug|x64.ActiveCfg = Debug|iPhone
		{08694D92-346F-4611-89A5-57B06F30FE2B}.Debug|x86.ActiveCfg = Debug|iPhone
		{08694D92-346F-4611-89A5-57B06F30FE2B}.Release|Any CPU.ActiveCfg = Release|iPhone
		{08694D92-346F-4611-89A5-57B06F30FE2B}.Release|ARM.ActiveCfg = Release|iPhone
		{08694D92-346F-4611-89A5-57B06F30FE2B}.Release|iPhone.ActiveCfg = Release|iPhone
		{08694D92-346F-4611-89A5-57B06F30FE2B}.Release|iPhone.Build.0 = Release|iPhone
		{08694D92-346F-4611-89A5-57B06F30FE2B}.Release|iPhoneSimulator.ActiveCfg = Release|iPhoneSimulator
		{08694D92-346F-4611-89A5-57B06F30FE2B}.Release|iPhoneSimulator.Build.0 = Release|iPhoneSimulator
		{08694D92-346F-4611-89A5-57B06F30FE2B}.Release|x64.ActiveCfg = Release|iPhone
		{08694D92-346F-4611-89A5-57B06F30FE2B}.Release|x86.ActiveCfg = Release|iPhone
		{3B8A0D2F-B826-4251-8CA6-0C0F9E1222D6}.Ad-Hoc|Any CPU.ActiveCfg = Debug|x86
		{3B8A0D2F-B826-4251-8CA6-0C0F9E1222D6}.Ad-Hoc|Any CPU.Build.0 = Debug|x86
		{3B8A0D2F-B826-4251-8CA6-0C0F9E1222D6}.Ad-Hoc|Any CPU.Deploy.0 = Debug|x86
		{3B8A0D2F-B826-4251-8CA6-0C0F9E1222D6}.Ad-Hoc|ARM.ActiveCfg = Debug|ARM
		{3B8A0D2F-B826-4251-8CA6-0C0F9E1222D6}.Ad-Hoc|ARM.Build.0 = Debug|ARM
		{3B8A0D2F-B826-4251-8CA6-0C0F9E1222D6}.Ad-Hoc|ARM.Deploy.0 = Debug|ARM
		{3B8A0D2F-B826-4251-8CA6-0C0F9E1222D6}.Ad-Hoc|iPhone.ActiveCfg = Debug|x86
		{3B8A0D2F-B826-4251-8CA6-0C0F9E1222D6}.Ad-Hoc|iPhone.Build.0 = Debug|x86
		{3B8A0D2F-B826-4251-8CA6-0C0F9E1222D6}.Ad-Hoc|iPhone.Deploy.0 = Debug|x86
		{3B8A0D2F-B826-4251-8CA6-0C0F9E1222D6}.Ad-Hoc|iPhoneSimulator.ActiveCfg = Debug|x86
		{3B8A0D2F-B826-4251-8CA6-0C0F9E1222D6}.Ad-Hoc|iPhoneSimulator.Build.0 = Debug|x86
		{3B8A0D2F-B826-4251-8CA6-0C0F9E1222D6}.Ad-Hoc|iPhoneSimulator.Deploy.0 = Debug|x86
		{3B8A0D2F-B826-4251-8CA6-0C0F9E1222D6}.Ad-Hoc|x64.ActiveCfg = Debug|x64
		{3B8A0D2F-B826-4251-8CA6-0C0F9E1222D6}.Ad-Hoc|x64.Build.0 = Debug|x64
		{3B8A0D2F-B826-4251-8CA6-0C0F9E1222D6}.Ad-Hoc|x64.Deploy.0 = Debug|x64
		{3B8A0D2F-B826-4251-8CA6-0C0F9E1222D6}.Ad-Hoc|x86.ActiveCfg = Debug|x86
		{3B8A0D2F-B826-4251-8CA6-0C0F9E1222D6}.Ad-Hoc|x86.Build.0 = Debug|x86
		{3B8A0D2F-B826-4251-8CA6-0C0F9E1222D6}.Ad-Hoc|x86.Deploy.0 = Debug|x86
		{3B8A0D2F-B826-4251-8CA6-0C0F9E1222D6}.AppStore|Any CPU.ActiveCfg = Debug|x86
		{3B8A0D2F-B826-4251-8CA6-0C0F9E1222D6}.AppStore|Any CPU.Build.0 = Debug|x86
		{3B8A0D2F-B826-4251-8CA6-0C0F9E1222D6}.AppStore|Any CPU.Deploy.0 = Debug|x86
		{3B8A0D2F-B826-4251-8CA6-0C0F9E1222D6}.AppStore|ARM.ActiveCfg = Debug|ARM
		{3B8A0D2F-B826-4251-8CA6-0C0F9E1222D6}.AppStore|ARM.Build.0 = Debug|ARM
		{3B8A0D2F-B826-4251-8CA6-0C0F9E1222D6}.AppStore|ARM.Deploy.0 = Debug|ARM
		{3B8A0D2F-B826-4251-8CA6-0C0F9E1222D6}.AppStore|iPhone.ActiveCfg = Debug|x86
		{3B8A0D2F-B826-4251-8CA6-0C0F9E1222D6}.AppStore|iPhone.Build.0 = Debug|x86
		{3B8A0D2F-B826-4251-8CA6-0C0F9E1222D6}.AppStore|iPhone.Deploy.0 = Debug|x86
		{3B8A0D2F-B826-4251-8CA6-0C0F9E1222D6}.AppStore|iPhoneSimulator.ActiveCfg = Debug|x86
		{3B8A0D2F-B826-4251-8CA6-0C0F9E1222D6}.AppStore|iPhoneSimulator.Build.0 = Debug|x86
		{3B8A0D2F-B826-4251-8CA6-0C0F9E1222D6}.AppStore|iPhoneSimulator.Deploy.0 = Debug|x86
		{3B8A0D2F-B826-4251-8CA6-0C0F9E1222D6}.AppStore|x64.ActiveCfg = Debug|x64
		{3B8A0D2F-B826-4251-8CA6-0C0F9E1222D6}.AppStore|x64.Build.0 = Debug|x64
		{3B8A0D2F-B826-4251-8CA6-0C0F9E1222D6}.AppStore|x64.Deploy.0 = Debug|x64
		{3B8A0D2F-B826-4251-8CA6-0C0F9E1222D6}.AppStore|x86.ActiveCfg = Debug|x86
		{3B8A0D2F-B826-4251-8CA6-0C0F9E1222D6}.AppStore|x86.Build.0 = Debug|x86
		{3B8A0D2F-B826-4251-8CA6-0C0F9E1222D6}.AppStore|x86.Deploy.0 = Debug|x86
		{3B8A0D2F-B826-4251-8CA6-0C0F9E1222D6}.Debug|Any CPU.ActiveCfg = Debug|x86
		{3B8A0D2F-B826-4251-8CA6-0C0F9E1222D6}.Debug|ARM.ActiveCfg = Debug|ARM
		{3B8A0D2F-B826-4251-8CA6-0C0F9E1222D6}.Debug|ARM.Build.0 = Debug|ARM
		{3B8A0D2F-B826-4251-8CA6-0C0F9E1222D6}.Debug|ARM.Deploy.0 = Debug|ARM
		{3B8A0D2F-B826-4251-8CA6-0C0F9E1222D6}.Debug|iPhone.ActiveCfg = Debug|x86
		{3B8A0D2F-B826-4251-8CA6-0C0F9E1222D6}.Debug|iPhoneSimulator.ActiveCfg = Debug|x86
		{3B8A0D2F-B826-4251-8CA6-0C0F9E1222D6}.Debug|x64.ActiveCfg = Debug|x64
		{3B8A0D2F-B826-4251-8CA6-0C0F9E1222D6}.Debug|x64.Build.0 = Debug|x64
		{3B8A0D2F-B826-4251-8CA6-0C0F9E1222D6}.Debug|x64.Deploy.0 = Debug|x64
		{3B8A0D2F-B826-4251-8CA6-0C0F9E1222D6}.Debug|x86.ActiveCfg = Debug|x86
		{3B8A0D2F-B826-4251-8CA6-0C0F9E1222D6}.Debug|x86.Build.0 = Debug|x86
		{3B8A0D2F-B826-4251-8CA6-0C0F9E1222D6}.Debug|x86.Deploy.0 = Debug|x86
		{3B8A0D2F-B826-4251-8CA6-0C0F9E1222D6}.Release|Any CPU.ActiveCfg = Release|x86
		{3B8A0D2F-B826-4251-8CA6-0C0F9E1222D6}.Release|ARM.ActiveCfg = Release|ARM
		{3B8A0D2F-B826-4251-8CA6-0C0F9E1222D6}.Release|ARM.Build.0 = Release|ARM
		{3B8A0D2F-B826-4251-8CA6-0C0F9E1222D6}.Release|ARM.Deploy.0 = Release|ARM
		{3B8A0D2F-B826-4251-8CA6-0C0F9E1222D6}.Release|iPhone.ActiveCfg = Release|x86
		{3B8A0D2F-B826-4251-8CA6-0C0F9E1222D6}.Release|iPhoneSimulator.ActiveCfg = Release|x86
		{3B8A0D2F-B826-4251-8CA6-0C0F9E1222D6}.Release|x64.ActiveCfg = Release|x64
		{3B8A0D2F-B826-4251-8CA6-0C0F9E1222D6}.Release|x64.Build.0 = Release|x64
		{3B8A0D2F-B826-4251-8CA6-0C0F9E1222D6}.Release|x64.Deploy.0 = Release|x64
		{3B8A0D2F-B826-4251-8CA6-0C0F9E1222D6}.Release|x86.ActiveCfg = Release|x86
		{3B8A0D2F-B826-4251-8CA6-0C0F9E1222D6}.Release|x86.Build.0 = Release|x86
		{3B8A0D2F-B826-4251-8CA6-0C0F9E1222D6}.Release|x86.Deploy.0 = Release|x86
		{A7506939-7402-4E6C-987B-4810ABB5BCAF}.Ad-Hoc|Any CPU.ActiveCfg = Release|Any CPU
		{A7506939-7402-4E6C-987B-4810ABB5BCAF}.Ad-Hoc|Any CPU.Build.0 = Release|Any CPU
		{A7506939-7402-4E6C-987B-4810ABB5BCAF}.Ad-Hoc|ARM.ActiveCfg = Release|Any CPU
		{A7506939-7402-4E6C-987B-4810ABB5BCAF}.Ad-Hoc|ARM.Build.0 = Release|Any CPU
		{A7506939-7402-4E6C-987B-4810ABB5BCAF}.Ad-Hoc|iPhone.ActiveCfg = Release|Any CPU
		{A7506939-7402-4E6C-987B-4810ABB5BCAF}.Ad-Hoc|iPhone.Build.0 = Release|Any CPU
		{A7506939-7402-4E6C-987B-4810ABB5BCAF}.Ad-Hoc|iPhoneSimulator.ActiveCfg = Release|Any CPU
		{A7506939-7402-4E6C-987B-4810ABB5BCAF}.Ad-Hoc|iPhoneSimulator.Build.0 = Release|Any CPU
		{A7506939-7402-4E6C-987B-4810ABB5BCAF}.Ad-Hoc|x64.ActiveCfg = Release|Any CPU
		{A7506939-7402-4E6C-987B-4810ABB5BCAF}.Ad-Hoc|x64.Build.0 = Release|Any CPU
		{A7506939-7402-4E6C-987B-4810ABB5BCAF}.Ad-Hoc|x86.ActiveCfg = Release|Any CPU
		{A7506939-7402-4E6C-987B-4810ABB5BCAF}.Ad-Hoc|x86.Build.0 = Release|Any CPU
		{A7506939-7402-4E6C-987B-4810ABB5BCAF}.AppStore|Any CPU.ActiveCfg = Release|Any CPU
		{A7506939-7402-4E6C-987B-4810ABB5BCAF}.AppStore|Any CPU.Build.0 = Release|Any CPU
		{A7506939-7402-4E6C-987B-4810ABB5BCAF}.AppStore|ARM.ActiveCfg = Release|Any CPU
		{A7506939-7402-4E6C-987B-4810ABB5BCAF}.AppStore|ARM.Build.0 = Release|Any CPU
		{A7506939-7402-4E6C-987B-4810ABB5BCAF}.AppStore|iPhone.ActiveCfg = Release|Any CPU
		{A7506939-7402-4E6C-987B-4810ABB5BCAF}.AppStore|iPhone.Build.0 = Release|Any CPU
		{A7506939-7402-4E6C-987B-4810ABB5BCAF}.AppStore|iPhoneSimulator.ActiveCfg = Release|Any CPU
		{A7506939-7402-4E6C-987B-4810ABB5BCAF}.AppStore|iPhoneSimulator.Build.0 = Release|Any CPU
		{A7506939-7402-4E6C-987B-4810ABB5BCAF}.AppStore|x64.ActiveCfg = Release|Any CPU
		{A7506939-7402-4E6C-987B-4810ABB5BCAF}.AppStore|x64.Build.0 = Release|Any CPU
		{A7506939-7402-4E6C-987B-4810ABB5BCAF}.AppStore|x86.ActiveCfg = Release|Any CPU
		{A7506939-7402-4E6C-987B-4810ABB5BCAF}.AppStore|x86.Build.0 = Release|Any CPU
		{A7506939-7402-4E6C-987B-4810ABB5BCAF}.Debug|Any CPU.ActiveCfg = Debug|Any CPU
		{A7506939-7402-4E6C-987B-4810ABB5BCAF}.Debug|Any CPU.Build.0 = Debug|Any CPU
		{A7506939-7402-4E6C-987B-4810ABB5BCAF}.Debug|ARM.ActiveCfg = Debug|Any CPU
		{A7506939-7402-4E6C-987B-4810ABB5BCAF}.Debug|ARM.Build.0 = Debug|Any CPU
		{A7506939-7402-4E6C-987B-4810ABB5BCAF}.Debug|iPhone.ActiveCfg = Debug|Any CPU
		{A7506939-7402-4E6C-987B-4810ABB5BCAF}.Debug|iPhone.Build.0 = Debug|Any CPU
		{A7506939-7402-4E6C-987B-4810ABB5BCAF}.Debug|iPhoneSimulator.ActiveCfg = Debug|Any CPU
		{A7506939-7402-4E6C-987B-4810ABB5BCAF}.Debug|iPhoneSimulator.Build.0 = Debug|Any CPU
		{A7506939-7402-4E6C-987B-4810ABB5BCAF}.Debug|x64.ActiveCfg = Debug|Any CPU
		{A7506939-7402-4E6C-987B-4810ABB5BCAF}.Debug|x64.Build.0 = Debug|Any CPU
		{A7506939-7402-4E6C-987B-4810ABB5BCAF}.Debug|x86.ActiveCfg = Debug|Any CPU
		{A7506939-7402-4E6C-987B-4810ABB5BCAF}.Debug|x86.Build.0 = Debug|Any CPU
		{A7506939-7402-4E6C-987B-4810ABB5BCAF}.Release|Any CPU.ActiveCfg = Release|Any CPU
		{A7506939-7402-4E6C-987B-4810ABB5BCAF}.Release|Any CPU.Build.0 = Release|Any CPU
		{A7506939-7402-4E6C-987B-4810ABB5BCAF}.Release|ARM.ActiveCfg = Release|Any CPU
		{A7506939-7402-4E6C-987B-4810ABB5BCAF}.Release|ARM.Build.0 = Release|Any CPU
		{A7506939-7402-4E6C-987B-4810ABB5BCAF}.Release|iPhone.ActiveCfg = Release|Any CPU
		{A7506939-7402-4E6C-987B-4810ABB5BCAF}.Release|iPhone.Build.0 = Release|Any CPU
		{A7506939-7402-4E6C-987B-4810ABB5BCAF}.Release|iPhoneSimulator.ActiveCfg = Release|Any CPU
		{A7506939-7402-4E6C-987B-4810ABB5BCAF}.Release|iPhoneSimulator.Build.0 = Release|Any CPU
		{A7506939-7402-4E6C-987B-4810ABB5BCAF}.Release|x64.ActiveCfg = Release|Any CPU
		{A7506939-7402-4E6C-987B-4810ABB5BCAF}.Release|x64.Build.0 = Release|Any CPU
		{A7506939-7402-4E6C-987B-4810ABB5BCAF}.Release|x86.ActiveCfg = Release|Any CPU
		{A7506939-7402-4E6C-987B-4810ABB5BCAF}.Release|x86.Build.0 = Release|Any CPU
	EndGlobalSection
	GlobalSection(SolutionProperties) = preSolution
		HideSolutionNode = FALSE
	EndGlobalSection
	GlobalSection(NestedProjects) = preSolution
		{38208E3F-C0C9-42A8-A0AC-6306CC689E52} = {E08448C2-5DBD-4F9B-A02D-3830D5F26678}
		{2C9E7F49-4483-4CF7-AE59-75C587365101} = {E08448C2-5DBD-4F9B-A02D-3830D5F26678}
		{08694D92-346F-4611-89A5-57B06F30FE2B} = {E08448C2-5DBD-4F9B-A02D-3830D5F26678}
		{3B8A0D2F-B826-4251-8CA6-0C0F9E1222D6} = {E08448C2-5DBD-4F9B-A02D-3830D5F26678}
	EndGlobalSection
	GlobalSection(ExtensibilityGlobals) = postSolution
		SolutionGuid = {57DF9896-F097-4EC2-A34D-0320C38402CE}
	EndGlobalSection
EndGlobal
