
Microsoft Visual Studio Solution File, Format Version 12.00
# Visual Studio 15
VisualStudioVersion = 15.0.27130.2027
MinimumVisualStudioVersion = 10.0.40219.1
Project("{2150E333-8FDC-42A3-9474-1A3956D46DE8}") = "Samples", "Samples", "{3015FCD9-4308-47F9-BC7B-1C060FCA31A9}"
	ProjectSection(SolutionItems) = preProject
		Sample\Directory.build.props = Sample\Directory.build.props
		Sample\Directory.build.targets = Sample\Directory.build.targets
	EndProjectSection
EndProject
Project("{FAE04EC0-301F-11D3-BF4B-00C04F79EFBC}") = "SMS.Fingerprint.Sample.Droid", "Sample\SMS.Fingerprint.Sample.Droid\SMS.Fingerprint.Sample.Droid.csproj", "{7096490F-E271-412B-8376-D58C226AB9FE}"
EndProject
Project("{FAE04EC0-301F-11D3-BF4B-00C04F79EFBC}") = "SMS.Fingerprint.Sample.iOS", "Sample\SMS.Fingerprint.Sample.iOS\SMS.Fingerprint.Sample.iOS.csproj", "{DA111357-2B43-4A94-9478-B42A2BF8DE7E}"
EndProject
Project("{9A19103F-16F7-4668-BE54-9A1E7A4F7556}") = "SMS.Fingerprint.Sample", "Sample\SMS.Fingerprint.Sample\SMS.Fingerprint.Sample.csproj", "{02094FA7-945E-43BB-AEB9-203C2D018E86}"
EndProject
Project("{FAE04EC0-301F-11D3-BF4B-00C04F79EFBC}") = "SMS.Fingerprint.Sample.UWP", "Sample\SMS.Fingerprint.Sample.UWP\SMS.Fingerprint.Sample.UWP.csproj", "{25F504C9-3250-4FD7-A6AA-A1FC11F24C08}"
EndProject
Project("{9A19103F-16F7-4668-BE54-9A1E7A4F7556}") = "MvvmCross.Plugins.Fingerprint", "MvvmCross.Plugins.Fingerprint\MvvmCross.Plugins.Fingerprint.csproj", "{99AF4877-02DF-4DAE-A524-4056BAE82614}"
EndProject
Project("{9A19103F-16F7-4668-BE54-9A1E7A4F7556}") = "Plugin.Fingerprint.Android.Samsung", "Plugin.Fingerprint.Android.Samsung\Plugin.Fingerprint.Android.Samsung.csproj", "{E81F50D5-95C3-4D5A-9397-F79946912B5D}"
EndProject
Project("{FAE04EC0-301F-11D3-BF4B-00C04F79EFBC}") = "SMS.Fingerprint.Sample.Mac", "Sample\SMS.Fingerprint.Sample.Mac\SMS.Fingerprint.Sample.Mac.csproj", "{F8C7D7D8-7409-4D03-BAC1-776E91406CDE}"
EndProject
Project("{2150E333-8FDC-42A3-9474-1A3956D46DE8}") = ".doc", ".doc", "{7674D66B-F32B-4C41-9843-FDAC66BE96E7}"
	ProjectSection(SolutionItems) = preProject
		..\doc\changelog.md = ..\doc\changelog.md
		..\README.md = ..\README.md
	EndProjectSection
EndProject
Project("{9A19103F-16F7-4668-BE54-9A1E7A4F7556}") = "Plugin.Fingerprint", "Plugin.Fingerprint\Plugin.Fingerprint.csproj", "{E519A552-0A87-4E3C-965A-721426E32637}"
EndProject
Project("{2150E333-8FDC-42A3-9474-1A3956D46DE8}") = "SolutionItems", "SolutionItems", "{9916AC77-31D2-4F3E-BF65-A78BA21C3CD6}"
	ProjectSection(SolutionItems) = preProject
		Directory.build.props = Directory.build.props
		Directory.build.targets = Directory.build.targets
		global.json = global.json
	EndProjectSection
EndProject
Global
	GlobalSection(SolutionConfigurationPlatforms) = preSolution
		Ad-Hoc|Any CPU = Ad-Hoc|Any CPU
		Ad-Hoc|ARM = Ad-Hoc|ARM
		Ad-Hoc|iPhone = Ad-Hoc|iPhone
		Ad-Hoc|iPhoneSimulator = Ad-Hoc|iPhoneSimulator
		Ad-Hoc|x64 = Ad-Hoc|x64
		Ad-Hoc|x86 = Ad-Hoc|x86
		AppStore|Any CPU = AppStore|Any CPU
		AppStore|ARM = AppStore|ARM
		AppStore|iPhone = AppStore|iPhone
		AppStore|iPhoneSimulator = AppStore|iPhoneSimulator
		AppStore|x64 = AppStore|x64
		AppStore|x86 = AppStore|x86
		Debug|Any CPU = Debug|Any CPU
		Debug|ARM = Debug|ARM
		Debug|iPhone = Debug|iPhone
		Debug|iPhoneSimulator = Debug|iPhoneSimulator
		Debug|x64 = Debug|x64
		Debug|x86 = Debug|x86
		Release|Any CPU = Release|Any CPU
		Release|ARM = Release|ARM
		Release|iPhone = Release|iPhone
		Release|iPhoneSimulator = Release|iPhoneSimulator
		Release|x64 = Release|x64
		Release|x86 = Release|x86
	EndGlobalSection
	GlobalSection(ProjectConfigurationPlatforms) = postSolution
		{7096490F-E271-412B-8376-D58C226AB9FE}.Ad-Hoc|Any CPU.ActiveCfg = Release|Any CPU
		{7096490F-E271-412B-8376-D58C226AB9FE}.Ad-Hoc|Any CPU.Build.0 = Release|Any CPU
		{7096490F-E271-412B-8376-D58C226AB9FE}.Ad-Hoc|Any CPU.Deploy.0 = Release|Any CPU
		{7096490F-E271-412B-8376-D58C226AB9FE}.Ad-Hoc|ARM.ActiveCfg = Release|Any CPU
		{7096490F-E271-412B-8376-D58C226AB9FE}.Ad-Hoc|ARM.Build.0 = Release|Any CPU
		{7096490F-E271-412B-8376-D58C226AB9FE}.Ad-Hoc|ARM.Deploy.0 = Release|Any CPU
		{7096490F-E271-412B-8376-D58C226AB9FE}.Ad-Hoc|iPhone.ActiveCfg = Release|Any CPU
		{7096490F-E271-412B-8376-D58C226AB9FE}.Ad-Hoc|iPhone.Build.0 = Release|Any CPU
		{7096490F-E271-412B-8376-D58C226AB9FE}.Ad-Hoc|iPhone.Deploy.0 = Release|Any CPU
		{7096490F-E271-412B-8376-D58C226AB9FE}.Ad-Hoc|iPhoneSimulator.ActiveCfg = Release|Any CPU
		{7096490F-E271-412B-8376-D58C226AB9FE}.Ad-Hoc|iPhoneSimulator.Build.0 = Release|Any CPU
		{7096490F-E271-412B-8376-D58C226AB9FE}.Ad-Hoc|iPhoneSimulator.Deploy.0 = Release|Any CPU
		{7096490F-E271-412B-8376-D58C226AB9FE}.Ad-Hoc|x64.ActiveCfg = Debug|Any CPU
		{7096490F-E271-412B-8376-D58C226AB9FE}.Ad-Hoc|x64.Build.0 = Debug|Any CPU
		{7096490F-E271-412B-8376-D58C226AB9FE}.Ad-Hoc|x64.Deploy.0 = Debug|Any CPU
		{7096490F-E271-412B-8376-D58C226AB9FE}.Ad-Hoc|x86.ActiveCfg = Release|Any CPU
		{7096490F-E271-412B-8376-D58C226AB9FE}.Ad-Hoc|x86.Build.0 = Release|Any CPU
		{7096490F-E271-412B-8376-D58C226AB9FE}.Ad-Hoc|x86.Deploy.0 = Release|Any CPU
		{7096490F-E271-412B-8376-D58C226AB9FE}.AppStore|Any CPU.ActiveCfg = Release|Any CPU
		{7096490F-E271-412B-8376-D58C226AB9FE}.AppStore|Any CPU.Build.0 = Release|Any CPU
		{7096490F-E271-412B-8376-D58C226AB9FE}.AppStore|Any CPU.Deploy.0 = Release|Any CPU
		{7096490F-E271-412B-8376-D58C226AB9FE}.AppStore|ARM.ActiveCfg = Release|Any CPU
		{7096490F-E271-412B-8376-D58C226AB9FE}.AppStore|ARM.Build.0 = Release|Any CPU
		{7096490F-E271-412B-8376-D58C226AB9FE}.AppStore|ARM.Deploy.0 = Release|Any CPU
		{7096490F-E271-412B-8376-D58C226AB9FE}.AppStore|iPhone.ActiveCfg = Release|Any CPU
		{7096490F-E271-412B-8376-D58C226AB9FE}.AppStore|iPhone.Build.0 = Release|Any CPU
		{7096490F-E271-412B-8376-D58C226AB9FE}.AppStore|iPhone.Deploy.0 = Release|Any CPU
		{7096490F-E271-412B-8376-D58C226AB9FE}.AppStore|iPhoneSimulator.ActiveCfg = Release|Any CPU
		{7096490F-E271-412B-8376-D58C226AB9FE}.AppStore|iPhoneSimulator.Build.0 = Release|Any CPU
		{7096490F-E271-412B-8376-D58C226AB9FE}.AppStore|iPhoneSimulator.Deploy.0 = Release|Any CPU
		{7096490F-E271-412B-8376-D58C226AB9FE}.AppStore|x64.ActiveCfg = Debug|Any CPU
		{7096490F-E271-412B-8376-D58C226AB9FE}.AppStore|x64.Build.0 = Debug|Any CPU
		{7096490F-E271-412B-8376-D58C226AB9FE}.AppStore|x64.Deploy.0 = Debug|Any CPU
		{7096490F-E271-412B-8376-D58C226AB9FE}.AppStore|x86.ActiveCfg = Release|Any CPU
		{7096490F-E271-412B-8376-D58C226AB9FE}.AppStore|x86.Build.0 = Release|Any CPU
		{7096490F-E271-412B-8376-D58C226AB9FE}.AppStore|x86.Deploy.0 = Release|Any CPU
		{7096490F-E271-412B-8376-D58C226AB9FE}.Debug|Any CPU.ActiveCfg = Debug|Any CPU
		{7096490F-E271-412B-8376-D58C226AB9FE}.Debug|Any CPU.Build.0 = Debug|Any CPU
		{7096490F-E271-412B-8376-D58C226AB9FE}.Debug|Any CPU.Deploy.0 = Debug|Any CPU
		{7096490F-E271-412B-8376-D58C226AB9FE}.Debug|ARM.ActiveCfg = Debug|Any CPU
		{7096490F-E271-412B-8376-D58C226AB9FE}.Debug|ARM.Build.0 = Debug|Any CPU
		{7096490F-E271-412B-8376-D58C226AB9FE}.Debug|ARM.Deploy.0 = Debug|Any CPU
		{7096490F-E271-412B-8376-D58C226AB9FE}.Debug|iPhone.ActiveCfg = Debug|Any CPU
		{7096490F-E271-412B-8376-D58C226AB9FE}.Debug|iPhone.Build.0 = Debug|Any CPU
		{7096490F-E271-412B-8376-D58C226AB9FE}.Debug|iPhone.Deploy.0 = Debug|Any CPU
		{7096490F-E271-412B-8376-D58C226AB9FE}.Debug|iPhoneSimulator.ActiveCfg = Debug|Any CPU
		{7096490F-E271-412B-8376-D58C226AB9FE}.Debug|iPhoneSimulator.Build.0 = Debug|Any CPU
		{7096490F-E271-412B-8376-D58C226AB9FE}.Debug|iPhoneSimulator.Deploy.0 = Debug|Any CPU
		{7096490F-E271-412B-8376-D58C226AB9FE}.Debug|x64.ActiveCfg = Debug|Any CPU
		{7096490F-E271-412B-8376-D58C226AB9FE}.Debug|x64.Build.0 = Debug|Any CPU
		{7096490F-E271-412B-8376-D58C226AB9FE}.Debug|x64.Deploy.0 = Debug|Any CPU
		{7096490F-E271-412B-8376-D58C226AB9FE}.Debug|x86.ActiveCfg = Debug|Any CPU
		{7096490F-E271-412B-8376-D58C226AB9FE}.Debug|x86.Build.0 = Debug|Any CPU
		{7096490F-E271-412B-8376-D58C226AB9FE}.Debug|x86.Deploy.0 = Debug|Any CPU
		{7096490F-E271-412B-8376-D58C226AB9FE}.Release|Any CPU.ActiveCfg = Release|Any CPU
		{7096490F-E271-412B-8376-D58C226AB9FE}.Release|Any CPU.Build.0 = Release|Any CPU
		{7096490F-E271-412B-8376-D58C226AB9FE}.Release|Any CPU.Deploy.0 = Release|Any CPU
		{7096490F-E271-412B-8376-D58C226AB9FE}.Release|ARM.ActiveCfg = Release|Any CPU
		{7096490F-E271-412B-8376-D58C226AB9FE}.Release|ARM.Build.0 = Release|Any CPU
		{7096490F-E271-412B-8376-D58C226AB9FE}.Release|ARM.Deploy.0 = Release|Any CPU
		{7096490F-E271-412B-8376-D58C226AB9FE}.Release|iPhone.ActiveCfg = Release|Any CPU
		{7096490F-E271-412B-8376-D58C226AB9FE}.Release|iPhone.Build.0 = Release|Any CPU
		{7096490F-E271-412B-8376-D58C226AB9FE}.Release|iPhone.Deploy.0 = Release|Any CPU
		{7096490F-E271-412B-8376-D58C226AB9FE}.Release|iPhoneSimulator.ActiveCfg = Release|Any CPU
		{7096490F-E271-412B-8376-D58C226AB9FE}.Release|iPhoneSimulator.Build.0 = Release|Any CPU
		{7096490F-E271-412B-8376-D58C226AB9FE}.Release|iPhoneSimulator.Deploy.0 = Release|Any CPU
		{7096490F-E271-412B-8376-D58C226AB9FE}.Release|x64.ActiveCfg = Release|Any CPU
		{7096490F-E271-412B-8376-D58C226AB9FE}.Release|x64.Build.0 = Release|Any CPU
		{7096490F-E271-412B-8376-D58C226AB9FE}.Release|x64.Deploy.0 = Release|Any CPU
		{7096490F-E271-412B-8376-D58C226AB9FE}.Release|x86.ActiveCfg = Release|Any CPU
		{7096490F-E271-412B-8376-D58C226AB9FE}.Release|x86.Build.0 = Release|Any CPU
		{7096490F-E271-412B-8376-D58C226AB9FE}.Release|x86.Deploy.0 = Release|Any CPU
		{DA111357-2B43-4A94-9478-B42A2BF8DE7E}.Ad-Hoc|Any CPU.ActiveCfg = Ad-Hoc|iPhone
		{DA111357-2B43-4A94-9478-B42A2BF8DE7E}.Ad-Hoc|ARM.ActiveCfg = Ad-Hoc|iPhone
		{DA111357-2B43-4A94-9478-B42A2BF8DE7E}.Ad-Hoc|iPhone.ActiveCfg = Ad-Hoc|iPhone
		{DA111357-2B43-4A94-9478-B42A2BF8DE7E}.Ad-Hoc|iPhone.Build.0 = Ad-Hoc|iPhone
		{DA111357-2B43-4A94-9478-B42A2BF8DE7E}.Ad-Hoc|iPhoneSimulator.ActiveCfg = Ad-Hoc|iPhoneSimulator
		{DA111357-2B43-4A94-9478-B42A2BF8DE7E}.Ad-Hoc|iPhoneSimulator.Build.0 = Ad-Hoc|iPhoneSimulator
		{DA111357-2B43-4A94-9478-B42A2BF8DE7E}.Ad-Hoc|x64.ActiveCfg = Ad-Hoc|iPhoneSimulator
		{DA111357-2B43-4A94-9478-B42A2BF8DE7E}.Ad-Hoc|x86.ActiveCfg = Ad-Hoc|iPhone
		{DA111357-2B43-4A94-9478-B42A2BF8DE7E}.AppStore|Any CPU.ActiveCfg = AppStore|iPhone
		{DA111357-2B43-4A94-9478-B42A2BF8DE7E}.AppStore|ARM.ActiveCfg = AppStore|iPhone
		{DA111357-2B43-4A94-9478-B42A2BF8DE7E}.AppStore|iPhone.ActiveCfg = AppStore|iPhone
		{DA111357-2B43-4A94-9478-B42A2BF8DE7E}.AppStore|iPhone.Build.0 = AppStore|iPhone
		{DA111357-2B43-4A94-9478-B42A2BF8DE7E}.AppStore|iPhoneSimulator.ActiveCfg = AppStore|iPhoneSimulator
		{DA111357-2B43-4A94-9478-B42A2BF8DE7E}.AppStore|iPhoneSimulator.Build.0 = AppStore|iPhoneSimulator
		{DA111357-2B43-4A94-9478-B42A2BF8DE7E}.AppStore|x64.ActiveCfg = AppStore|iPhoneSimulator
		{DA111357-2B43-4A94-9478-B42A2BF8DE7E}.AppStore|x86.ActiveCfg = AppStore|iPhone
		{DA111357-2B43-4A94-9478-B42A2BF8DE7E}.Debug|Any CPU.ActiveCfg = Debug|iPhone
		{DA111357-2B43-4A94-9478-B42A2BF8DE7E}.Debug|ARM.ActiveCfg = Debug|iPhone
		{DA111357-2B43-4A94-9478-B42A2BF8DE7E}.Debug|iPhone.ActiveCfg = Debug|iPhone
		{DA111357-2B43-4A94-9478-B42A2BF8DE7E}.Debug|iPhone.Build.0 = Debug|iPhone
		{DA111357-2B43-4A94-9478-B42A2BF8DE7E}.Debug|iPhoneSimulator.ActiveCfg = Debug|iPhoneSimulator
		{DA111357-2B43-4A94-9478-B42A2BF8DE7E}.Debug|iPhoneSimulator.Build.0 = Debug|iPhoneSimulator
		{DA111357-2B43-4A94-9478-B42A2BF8DE7E}.Debug|x64.ActiveCfg = Debug|iPhoneSimulator
		{DA111357-2B43-4A94-9478-B42A2BF8DE7E}.Debug|x86.ActiveCfg = Debug|iPhone
		{DA111357-2B43-4A94-9478-B42A2BF8DE7E}.Release|Any CPU.ActiveCfg = Release|iPhone
		{DA111357-2B43-4A94-9478-B42A2BF8DE7E}.Release|ARM.ActiveCfg = Release|iPhone
		{DA111357-2B43-4A94-9478-B42A2BF8DE7E}.Release|iPhone.ActiveCfg = Release|iPhone
		{DA111357-2B43-4A94-9478-B42A2BF8DE7E}.Release|iPhone.Build.0 = Release|iPhone
		{DA111357-2B43-4A94-9478-B42A2BF8DE7E}.Release|iPhoneSimulator.ActiveCfg = Release|iPhoneSimulator
		{DA111357-2B43-4A94-9478-B42A2BF8DE7E}.Release|iPhoneSimulator.Build.0 = Release|iPhoneSimulator
		{DA111357-2B43-4A94-9478-B42A2BF8DE7E}.Release|x64.ActiveCfg = Release|iPhoneSimulator
		{DA111357-2B43-4A94-9478-B42A2BF8DE7E}.Release|x86.ActiveCfg = Release|iPhone
		{02094FA7-945E-43BB-AEB9-203C2D018E86}.Ad-Hoc|Any CPU.ActiveCfg = Release|Any CPU
		{02094FA7-945E-43BB-AEB9-203C2D018E86}.Ad-Hoc|Any CPU.Build.0 = Release|Any CPU
		{02094FA7-945E-43BB-AEB9-203C2D018E86}.Ad-Hoc|ARM.ActiveCfg = Release|Any CPU
		{02094FA7-945E-43BB-AEB9-203C2D018E86}.Ad-Hoc|ARM.Build.0 = Release|Any CPU
		{02094FA7-945E-43BB-AEB9-203C2D018E86}.Ad-Hoc|iPhone.ActiveCfg = Release|Any CPU
		{02094FA7-945E-43BB-AEB9-203C2D018E86}.Ad-Hoc|iPhone.Build.0 = Release|Any CPU
		{02094FA7-945E-43BB-AEB9-203C2D018E86}.Ad-Hoc|iPhoneSimulator.ActiveCfg = Release|Any CPU
		{02094FA7-945E-43BB-AEB9-203C2D018E86}.Ad-Hoc|iPhoneSimulator.Build.0 = Release|Any CPU
		{02094FA7-945E-43BB-AEB9-203C2D018E86}.Ad-Hoc|x64.ActiveCfg = Debug|Any CPU
		{02094FA7-945E-43BB-AEB9-203C2D018E86}.Ad-Hoc|x64.Build.0 = Debug|Any CPU
		{02094FA7-945E-43BB-AEB9-203C2D018E86}.Ad-Hoc|x86.ActiveCfg = Release|Any CPU
		{02094FA7-945E-43BB-AEB9-203C2D018E86}.Ad-Hoc|x86.Build.0 = Release|Any CPU
		{02094FA7-945E-43BB-AEB9-203C2D018E86}.AppStore|Any CPU.ActiveCfg = Release|Any CPU
		{02094FA7-945E-43BB-AEB9-203C2D018E86}.AppStore|Any CPU.Build.0 = Release|Any CPU
		{02094FA7-945E-43BB-AEB9-203C2D018E86}.AppStore|ARM.ActiveCfg = Release|Any CPU
		{02094FA7-945E-43BB-AEB9-203C2D018E86}.AppStore|ARM.Build.0 = Release|Any CPU
		{02094FA7-945E-43BB-AEB9-203C2D018E86}.AppStore|iPhone.ActiveCfg = Release|Any CPU
		{02094FA7-945E-43BB-AEB9-203C2D018E86}.AppStore|iPhone.Build.0 = Release|Any CPU
		{02094FA7-945E-43BB-AEB9-203C2D018E86}.AppStore|iPhoneSimulator.ActiveCfg = Release|Any CPU
		{02094FA7-945E-43BB-AEB9-203C2D018E86}.AppStore|iPhoneSimulator.Build.0 = Release|Any CPU
		{02094FA7-945E-43BB-AEB9-203C2D018E86}.AppStore|x64.ActiveCfg = Debug|Any CPU
		{02094FA7-945E-43BB-AEB9-203C2D018E86}.AppStore|x64.Build.0 = Debug|Any CPU
		{02094FA7-945E-43BB-AEB9-203C2D018E86}.AppStore|x86.ActiveCfg = Release|Any CPU
		{02094FA7-945E-43BB-AEB9-203C2D018E86}.AppStore|x86.Build.0 = Release|Any CPU
		{02094FA7-945E-43BB-AEB9-203C2D018E86}.Debug|Any CPU.ActiveCfg = Debug|Any CPU
		{02094FA7-945E-43BB-AEB9-203C2D018E86}.Debug|Any CPU.Build.0 = Debug|Any CPU
		{02094FA7-945E-43BB-AEB9-203C2D018E86}.Debug|ARM.ActiveCfg = Debug|Any CPU
		{02094FA7-945E-43BB-AEB9-203C2D018E86}.Debug|ARM.Build.0 = Debug|Any CPU
		{02094FA7-945E-43BB-AEB9-203C2D018E86}.Debug|iPhone.ActiveCfg = Debug|Any CPU
		{02094FA7-945E-43BB-AEB9-203C2D018E86}.Debug|iPhone.Build.0 = Debug|Any CPU
		{02094FA7-945E-43BB-AEB9-203C2D018E86}.Debug|iPhoneSimulator.ActiveCfg = Debug|Any CPU
		{02094FA7-945E-43BB-AEB9-203C2D018E86}.Debug|iPhoneSimulator.Build.0 = Debug|Any CPU
		{02094FA7-945E-43BB-AEB9-203C2D018E86}.Debug|x64.ActiveCfg = Debug|Any CPU
		{02094FA7-945E-43BB-AEB9-203C2D018E86}.Debug|x64.Build.0 = Debug|Any CPU
		{02094FA7-945E-43BB-AEB9-203C2D018E86}.Debug|x86.ActiveCfg = Debug|Any CPU
		{02094FA7-945E-43BB-AEB9-203C2D018E86}.Debug|x86.Build.0 = Debug|Any CPU
		{02094FA7-945E-43BB-AEB9-203C2D018E86}.Release|Any CPU.ActiveCfg = Release|Any CPU
		{02094FA7-945E-43BB-AEB9-203C2D018E86}.Release|Any CPU.Build.0 = Release|Any CPU
		{02094FA7-945E-43BB-AEB9-203C2D018E86}.Release|ARM.ActiveCfg = Release|Any CPU
		{02094FA7-945E-43BB-AEB9-203C2D018E86}.Release|ARM.Build.0 = Release|Any CPU
		{02094FA7-945E-43BB-AEB9-203C2D018E86}.Release|iPhone.ActiveCfg = Release|Any CPU
		{02094FA7-945E-43BB-AEB9-203C2D018E86}.Release|iPhone.Build.0 = Release|Any CPU
		{02094FA7-945E-43BB-AEB9-203C2D018E86}.Release|iPhoneSimulator.ActiveCfg = Release|Any CPU
		{02094FA7-945E-43BB-AEB9-203C2D018E86}.Release|iPhoneSimulator.Build.0 = Release|Any CPU
		{02094FA7-945E-43BB-AEB9-203C2D018E86}.Release|x64.ActiveCfg = Release|Any CPU
		{02094FA7-945E-43BB-AEB9-203C2D018E86}.Release|x64.Build.0 = Release|Any CPU
		{02094FA7-945E-43BB-AEB9-203C2D018E86}.Release|x86.ActiveCfg = Release|Any CPU
		{02094FA7-945E-43BB-AEB9-203C2D018E86}.Release|x86.Build.0 = Release|Any CPU
		{25F504C9-3250-4FD7-A6AA-A1FC11F24C08}.Ad-Hoc|Any CPU.ActiveCfg = Release|x86
		{25F504C9-3250-4FD7-A6AA-A1FC11F24C08}.Ad-Hoc|Any CPU.Build.0 = Release|x86
		{25F504C9-3250-4FD7-A6AA-A1FC11F24C08}.Ad-Hoc|Any CPU.Deploy.0 = Release|x86
		{25F504C9-3250-4FD7-A6AA-A1FC11F24C08}.Ad-Hoc|ARM.ActiveCfg = Release|ARM
		{25F504C9-3250-4FD7-A6AA-A1FC11F24C08}.Ad-Hoc|ARM.Build.0 = Release|ARM
		{25F504C9-3250-4FD7-A6AA-A1FC11F24C08}.Ad-Hoc|ARM.Deploy.0 = Release|ARM
		{25F504C9-3250-4FD7-A6AA-A1FC11F24C08}.Ad-Hoc|iPhone.ActiveCfg = Release|x86
		{25F504C9-3250-4FD7-A6AA-A1FC11F24C08}.Ad-Hoc|iPhone.Build.0 = Release|x86
		{25F504C9-3250-4FD7-A6AA-A1FC11F24C08}.Ad-Hoc|iPhone.Deploy.0 = Release|x86
		{25F504C9-3250-4FD7-A6AA-A1FC11F24C08}.Ad-Hoc|iPhoneSimulator.ActiveCfg = Release|x86
		{25F504C9-3250-4FD7-A6AA-A1FC11F24C08}.Ad-Hoc|iPhoneSimulator.Build.0 = Release|x86
		{25F504C9-3250-4FD7-A6AA-A1FC11F24C08}.Ad-Hoc|iPhoneSimulator.Deploy.0 = Release|x86
		{25F504C9-3250-4FD7-A6AA-A1FC11F24C08}.Ad-Hoc|x64.ActiveCfg = Release|x64
		{25F504C9-3250-4FD7-A6AA-A1FC11F24C08}.Ad-Hoc|x64.Build.0 = Release|x64
		{25F504C9-3250-4FD7-A6AA-A1FC11F24C08}.Ad-Hoc|x64.Deploy.0 = Release|x64
		{25F504C9-3250-4FD7-A6AA-A1FC11F24C08}.Ad-Hoc|x86.ActiveCfg = Release|x86
		{25F504C9-3250-4FD7-A6AA-A1FC11F24C08}.Ad-Hoc|x86.Build.0 = Release|x86
		{25F504C9-3250-4FD7-A6AA-A1FC11F24C08}.Ad-Hoc|x86.Deploy.0 = Release|x86
		{25F504C9-3250-4FD7-A6AA-A1FC11F24C08}.AppStore|Any CPU.ActiveCfg = Release|x86
		{25F504C9-3250-4FD7-A6AA-A1FC11F24C08}.AppStore|Any CPU.Build.0 = Release|x86
		{25F504C9-3250-4FD7-A6AA-A1FC11F24C08}.AppStore|Any CPU.Deploy.0 = Release|x86
		{25F504C9-3250-4FD7-A6AA-A1FC11F24C08}.AppStore|ARM.ActiveCfg = Release|ARM
		{25F504C9-3250-4FD7-A6AA-A1FC11F24C08}.AppStore|ARM.Build.0 = Release|ARM
		{25F504C9-3250-4FD7-A6AA-A1FC11F24C08}.AppStore|ARM.Deploy.0 = Release|ARM
		{25F504C9-3250-4FD7-A6AA-A1FC11F24C08}.AppStore|iPhone.ActiveCfg = Release|x86
		{25F504C9-3250-4FD7-A6AA-A1FC11F24C08}.AppStore|iPhone.Build.0 = Release|x86
		{25F504C9-3250-4FD7-A6AA-A1FC11F24C08}.AppStore|iPhone.Deploy.0 = Release|x86
		{25F504C9-3250-4FD7-A6AA-A1FC11F24C08}.AppStore|iPhoneSimulator.ActiveCfg = Release|x86
		{25F504C9-3250-4FD7-A6AA-A1FC11F24C08}.AppStore|iPhoneSimulator.Build.0 = Release|x86
		{25F504C9-3250-4FD7-A6AA-A1FC11F24C08}.AppStore|iPhoneSimulator.Deploy.0 = Release|x86
		{25F504C9-3250-4FD7-A6AA-A1FC11F24C08}.AppStore|x64.ActiveCfg = Release|x64
		{25F504C9-3250-4FD7-A6AA-A1FC11F24C08}.AppStore|x64.Build.0 = Release|x64
		{25F504C9-3250-4FD7-A6AA-A1FC11F24C08}.AppStore|x64.Deploy.0 = Release|x64
		{25F504C9-3250-4FD7-A6AA-A1FC11F24C08}.AppStore|x86.ActiveCfg = Release|x86
		{25F504C9-3250-4FD7-A6AA-A1FC11F24C08}.AppStore|x86.Build.0 = Release|x86
		{25F504C9-3250-4FD7-A6AA-A1FC11F24C08}.AppStore|x86.Deploy.0 = Release|x86
		{25F504C9-3250-4FD7-A6AA-A1FC11F24C08}.Debug|Any CPU.ActiveCfg = Debug|x86
		{25F504C9-3250-4FD7-A6AA-A1FC11F24C08}.Debug|Any CPU.Build.0 = Debug|x86
		{25F504C9-3250-4FD7-A6AA-A1FC11F24C08}.Debug|Any CPU.Deploy.0 = Debug|x86
		{25F504C9-3250-4FD7-A6AA-A1FC11F24C08}.Debug|ARM.ActiveCfg = Debug|ARM
		{25F504C9-3250-4FD7-A6AA-A1FC11F24C08}.Debug|ARM.Build.0 = Debug|ARM
		{25F504C9-3250-4FD7-A6AA-A1FC11F24C08}.Debug|ARM.Deploy.0 = Debug|ARM
		{25F504C9-3250-4FD7-A6AA-A1FC11F24C08}.Debug|iPhone.ActiveCfg = Debug|x86
		{25F504C9-3250-4FD7-A6AA-A1FC11F24C08}.Debug|iPhoneSimulator.ActiveCfg = Debug|x86
		{25F504C9-3250-4FD7-A6AA-A1FC11F24C08}.Debug|x64.ActiveCfg = Debug|x64
		{25F504C9-3250-4FD7-A6AA-A1FC11F24C08}.Debug|x64.Build.0 = Debug|x64
		{25F504C9-3250-4FD7-A6AA-A1FC11F24C08}.Debug|x64.Deploy.0 = Debug|x64
		{25F504C9-3250-4FD7-A6AA-A1FC11F24C08}.Debug|x86.ActiveCfg = Debug|x86
		{25F504C9-3250-4FD7-A6AA-A1FC11F24C08}.Debug|x86.Build.0 = Debug|x86
		{25F504C9-3250-4FD7-A6AA-A1FC11F24C08}.Debug|x86.Deploy.0 = Debug|x86
		{25F504C9-3250-4FD7-A6AA-A1FC11F24C08}.Release|Any CPU.ActiveCfg = Release|x86
		{25F504C9-3250-4FD7-A6AA-A1FC11F24C08}.Release|ARM.ActiveCfg = Release|ARM
		{25F504C9-3250-4FD7-A6AA-A1FC11F24C08}.Release|ARM.Build.0 = Release|ARM
		{25F504C9-3250-4FD7-A6AA-A1FC11F24C08}.Release|ARM.Deploy.0 = Release|ARM
		{25F504C9-3250-4FD7-A6AA-A1FC11F24C08}.Release|iPhone.ActiveCfg = Release|x86
		{25F504C9-3250-4FD7-A6AA-A1FC11F24C08}.Release|iPhoneSimulator.ActiveCfg = Release|x86
		{25F504C9-3250-4FD7-A6AA-A1FC11F24C08}.Release|x64.ActiveCfg = Release|x64
		{25F504C9-3250-4FD7-A6AA-A1FC11F24C08}.Release|x64.Build.0 = Release|x64
		{25F504C9-3250-4FD7-A6AA-A1FC11F24C08}.Release|x64.Deploy.0 = Release|x64
		{25F504C9-3250-4FD7-A6AA-A1FC11F24C08}.Release|x86.ActiveCfg = Release|x86
		{25F504C9-3250-4FD7-A6AA-A1FC11F24C08}.Release|x86.Build.0 = Release|x86
		{25F504C9-3250-4FD7-A6AA-A1FC11F24C08}.Release|x86.Deploy.0 = Release|x86
		{99AF4877-02DF-4DAE-A524-4056BAE82614}.Ad-Hoc|Any CPU.ActiveCfg = Release|Any CPU
		{99AF4877-02DF-4DAE-A524-4056BAE82614}.Ad-Hoc|Any CPU.Build.0 = Release|Any CPU
		{99AF4877-02DF-4DAE-A524-4056BAE82614}.Ad-Hoc|ARM.ActiveCfg = Release|Any CPU
		{99AF4877-02DF-4DAE-A524-4056BAE82614}.Ad-Hoc|ARM.Build.0 = Release|Any CPU
		{99AF4877-02DF-4DAE-A524-4056BAE82614}.Ad-Hoc|iPhone.ActiveCfg = Release|Any CPU
		{99AF4877-02DF-4DAE-A524-4056BAE82614}.Ad-Hoc|iPhone.Build.0 = Release|Any CPU
		{99AF4877-02DF-4DAE-A524-4056BAE82614}.Ad-Hoc|iPhoneSimulator.ActiveCfg = Release|Any CPU
		{99AF4877-02DF-4DAE-A524-4056BAE82614}.Ad-Hoc|iPhoneSimulator.Build.0 = Release|Any CPU
		{99AF4877-02DF-4DAE-A524-4056BAE82614}.Ad-Hoc|x64.ActiveCfg = Release|Any CPU
		{99AF4877-02DF-4DAE-A524-4056BAE82614}.Ad-Hoc|x64.Build.0 = Release|Any CPU
		{99AF4877-02DF-4DAE-A524-4056BAE82614}.Ad-Hoc|x86.ActiveCfg = Release|Any CPU
		{99AF4877-02DF-4DAE-A524-4056BAE82614}.Ad-Hoc|x86.Build.0 = Release|Any CPU
		{99AF4877-02DF-4DAE-A524-4056BAE82614}.AppStore|Any CPU.ActiveCfg = Release|Any CPU
		{99AF4877-02DF-4DAE-A524-4056BAE82614}.AppStore|Any CPU.Build.0 = Release|Any CPU
		{99AF4877-02DF-4DAE-A524-4056BAE82614}.AppStore|ARM.ActiveCfg = Release|Any CPU
		{99AF4877-02DF-4DAE-A524-4056BAE82614}.AppStore|ARM.Build.0 = Release|Any CPU
		{99AF4877-02DF-4DAE-A524-4056BAE82614}.AppStore|iPhone.ActiveCfg = Release|Any CPU
		{99AF4877-02DF-4DAE-A524-4056BAE82614}.AppStore|iPhone.Build.0 = Release|Any CPU
		{99AF4877-02DF-4DAE-A524-4056BAE82614}.AppStore|iPhoneSimulator.ActiveCfg = Release|Any CPU
		{99AF4877-02DF-4DAE-A524-4056BAE82614}.AppStore|iPhoneSimulator.Build.0 = Release|Any CPU
		{99AF4877-02DF-4DAE-A524-4056BAE82614}.AppStore|x64.ActiveCfg = Release|Any CPU
		{99AF4877-02DF-4DAE-A524-4056BAE82614}.AppStore|x64.Build.0 = Release|Any CPU
		{99AF4877-02DF-4DAE-A524-4056BAE82614}.AppStore|x86.ActiveCfg = Release|Any CPU
		{99AF4877-02DF-4DAE-A524-4056BAE82614}.AppStore|x86.Build.0 = Release|Any CPU
		{99AF4877-02DF-4DAE-A524-4056BAE82614}.Debug|Any CPU.ActiveCfg = Debug|Any CPU
		{99AF4877-02DF-4DAE-A524-4056BAE82614}.Debug|Any CPU.Build.0 = Debug|Any CPU
		{99AF4877-02DF-4DAE-A524-4056BAE82614}.Debug|ARM.ActiveCfg = Debug|Any CPU
		{99AF4877-02DF-4DAE-A524-4056BAE82614}.Debug|ARM.Build.0 = Debug|Any CPU
		{99AF4877-02DF-4DAE-A524-4056BAE82614}.Debug|iPhone.ActiveCfg = Debug|Any CPU
		{99AF4877-02DF-4DAE-A524-4056BAE82614}.Debug|iPhone.Build.0 = Debug|Any CPU
		{99AF4877-02DF-4DAE-A524-4056BAE82614}.Debug|iPhoneSimulator.ActiveCfg = Debug|Any CPU
		{99AF4877-02DF-4DAE-A524-4056BAE82614}.Debug|iPhoneSimulator.Build.0 = Debug|Any CPU
		{99AF4877-02DF-4DAE-A524-4056BAE82614}.Debug|x64.ActiveCfg = Debug|Any CPU
		{99AF4877-02DF-4DAE-A524-4056BAE82614}.Debug|x64.Build.0 = Debug|Any CPU
		{99AF4877-02DF-4DAE-A524-4056BAE82614}.Debug|x86.ActiveCfg = Debug|Any CPU
		{99AF4877-02DF-4DAE-A524-4056BAE82614}.Debug|x86.Build.0 = Debug|Any CPU
		{99AF4877-02DF-4DAE-A524-4056BAE82614}.Release|Any CPU.ActiveCfg = Release|Any CPU
		{99AF4877-02DF-4DAE-A524-4056BAE82614}.Release|Any CPU.Build.0 = Release|Any CPU
		{99AF4877-02DF-4DAE-A524-4056BAE82614}.Release|ARM.ActiveCfg = Release|Any CPU
		{99AF4877-02DF-4DAE-A524-4056BAE82614}.Release|ARM.Build.0 = Release|Any CPU
		{99AF4877-02DF-4DAE-A524-4056BAE82614}.Release|iPhone.ActiveCfg = Release|Any CPU
		{99AF4877-02DF-4DAE-A524-4056BAE82614}.Release|iPhone.Build.0 = Release|Any CPU
		{99AF4877-02DF-4DAE-A524-4056BAE82614}.Release|iPhoneSimulator.ActiveCfg = Release|Any CPU
		{99AF4877-02DF-4DAE-A524-4056BAE82614}.Release|iPhoneSimulator.Build.0 = Release|Any CPU
		{99AF4877-02DF-4DAE-A524-4056BAE82614}.Release|x64.ActiveCfg = Release|Any CPU
		{99AF4877-02DF-4DAE-A524-4056BAE82614}.Release|x64.Build.0 = Release|Any CPU
		{99AF4877-02DF-4DAE-A524-4056BAE82614}.Release|x86.ActiveCfg = Release|Any CPU
		{99AF4877-02DF-4DAE-A524-4056BAE82614}.Release|x86.Build.0 = Release|Any CPU
		{E81F50D5-95C3-4D5A-9397-F79946912B5D}.Ad-Hoc|Any CPU.ActiveCfg = Release|Any CPU
		{E81F50D5-95C3-4D5A-9397-F79946912B5D}.Ad-Hoc|Any CPU.Build.0 = Release|Any CPU
		{E81F50D5-95C3-4D5A-9397-F79946912B5D}.Ad-Hoc|ARM.ActiveCfg = Release|Any CPU
		{E81F50D5-95C3-4D5A-9397-F79946912B5D}.Ad-Hoc|ARM.Build.0 = Release|Any CPU
		{E81F50D5-95C3-4D5A-9397-F79946912B5D}.Ad-Hoc|iPhone.ActiveCfg = Release|Any CPU
		{E81F50D5-95C3-4D5A-9397-F79946912B5D}.Ad-Hoc|iPhone.Build.0 = Release|Any CPU
		{E81F50D5-95C3-4D5A-9397-F79946912B5D}.Ad-Hoc|iPhoneSimulator.ActiveCfg = Release|Any CPU
		{E81F50D5-95C3-4D5A-9397-F79946912B5D}.Ad-Hoc|iPhoneSimulator.Build.0 = Release|Any CPU
		{E81F50D5-95C3-4D5A-9397-F79946912B5D}.Ad-Hoc|x64.ActiveCfg = Release|Any CPU
		{E81F50D5-95C3-4D5A-9397-F79946912B5D}.Ad-Hoc|x64.Build.0 = Release|Any CPU
		{E81F50D5-95C3-4D5A-9397-F79946912B5D}.Ad-Hoc|x86.ActiveCfg = Release|Any CPU
		{E81F50D5-95C3-4D5A-9397-F79946912B5D}.Ad-Hoc|x86.Build.0 = Release|Any CPU
		{E81F50D5-95C3-4D5A-9397-F79946912B5D}.AppStore|Any CPU.ActiveCfg = Release|Any CPU
		{E81F50D5-95C3-4D5A-9397-F79946912B5D}.AppStore|Any CPU.Build.0 = Release|Any CPU
		{E81F50D5-95C3-4D5A-9397-F79946912B5D}.AppStore|ARM.ActiveCfg = Release|Any CPU
		{E81F50D5-95C3-4D5A-9397-F79946912B5D}.AppStore|ARM.Build.0 = Release|Any CPU
		{E81F50D5-95C3-4D5A-9397-F79946912B5D}.AppStore|iPhone.ActiveCfg = Release|Any CPU
		{E81F50D5-95C3-4D5A-9397-F79946912B5D}.AppStore|iPhone.Build.0 = Release|Any CPU
		{E81F50D5-95C3-4D5A-9397-F79946912B5D}.AppStore|iPhoneSimulator.ActiveCfg = Release|Any CPU
		{E81F50D5-95C3-4D5A-9397-F79946912B5D}.AppStore|iPhoneSimulator.Build.0 = Release|Any CPU
		{E81F50D5-95C3-4D5A-9397-F79946912B5D}.AppStore|x64.ActiveCfg = Release|Any CPU
		{E81F50D5-95C3-4D5A-9397-F79946912B5D}.AppStore|x64.Build.0 = Release|Any CPU
		{E81F50D5-95C3-4D5A-9397-F79946912B5D}.AppStore|x86.ActiveCfg = Release|Any CPU
		{E81F50D5-95C3-4D5A-9397-F79946912B5D}.AppStore|x86.Build.0 = Release|Any CPU
		{E81F50D5-95C3-4D5A-9397-F79946912B5D}.Debug|Any CPU.ActiveCfg = Debug|Any CPU
		{E81F50D5-95C3-4D5A-9397-F79946912B5D}.Debug|Any CPU.Build.0 = Debug|Any CPU
		{E81F50D5-95C3-4D5A-9397-F79946912B5D}.Debug|ARM.ActiveCfg = Debug|Any CPU
		{E81F50D5-95C3-4D5A-9397-F79946912B5D}.Debug|ARM.Build.0 = Debug|Any CPU
		{E81F50D5-95C3-4D5A-9397-F79946912B5D}.Debug|iPhone.ActiveCfg = Debug|Any CPU
		{E81F50D5-95C3-4D5A-9397-F79946912B5D}.Debug|iPhone.Build.0 = Debug|Any CPU
		{E81F50D5-95C3-4D5A-9397-F79946912B5D}.Debug|iPhoneSimulator.ActiveCfg = Debug|Any CPU
		{E81F50D5-95C3-4D5A-9397-F79946912B5D}.Debug|iPhoneSimulator.Build.0 = Debug|Any CPU
		{E81F50D5-95C3-4D5A-9397-F79946912B5D}.Debug|x64.ActiveCfg = Debug|Any CPU
		{E81F50D5-95C3-4D5A-9397-F79946912B5D}.Debug|x64.Build.0 = Debug|Any CPU
		{E81F50D5-95C3-4D5A-9397-F79946912B5D}.Debug|x86.ActiveCfg = Debug|Any CPU
		{E81F50D5-95C3-4D5A-9397-F79946912B5D}.Debug|x86.Build.0 = Debug|Any CPU
		{E81F50D5-95C3-4D5A-9397-F79946912B5D}.Release|Any CPU.ActiveCfg = Release|Any CPU
		{E81F50D5-95C3-4D5A-9397-F79946912B5D}.Release|Any CPU.Build.0 = Release|Any CPU
		{E81F50D5-95C3-4D5A-9397-F79946912B5D}.Release|ARM.ActiveCfg = Release|Any CPU
		{E81F50D5-95C3-4D5A-9397-F79946912B5D}.Release|ARM.Build.0 = Release|Any CPU
		{E81F50D5-95C3-4D5A-9397-F79946912B5D}.Release|iPhone.ActiveCfg = Release|Any CPU
		{E81F50D5-95C3-4D5A-9397-F79946912B5D}.Release|iPhone.Build.0 = Release|Any CPU
		{E81F50D5-95C3-4D5A-9397-F79946912B5D}.Release|iPhoneSimulator.ActiveCfg = Release|Any CPU
		{E81F50D5-95C3-4D5A-9397-F79946912B5D}.Release|iPhoneSimulator.Build.0 = Release|Any CPU
		{E81F50D5-95C3-4D5A-9397-F79946912B5D}.Release|x64.ActiveCfg = Release|Any CPU
		{E81F50D5-95C3-4D5A-9397-F79946912B5D}.Release|x64.Build.0 = Release|Any CPU
		{E81F50D5-95C3-4D5A-9397-F79946912B5D}.Release|x86.ActiveCfg = Release|Any CPU
		{E81F50D5-95C3-4D5A-9397-F79946912B5D}.Release|x86.Build.0 = Release|Any CPU
		{F8C7D7D8-7409-4D03-BAC1-776E91406CDE}.Ad-Hoc|Any CPU.ActiveCfg = Release|Any CPU
		{F8C7D7D8-7409-4D03-BAC1-776E91406CDE}.Ad-Hoc|Any CPU.Build.0 = Release|Any CPU
		{F8C7D7D8-7409-4D03-BAC1-776E91406CDE}.Ad-Hoc|ARM.ActiveCfg = Release|Any CPU
		{F8C7D7D8-7409-4D03-BAC1-776E91406CDE}.Ad-Hoc|ARM.Build.0 = Release|Any CPU
		{F8C7D7D8-7409-4D03-BAC1-776E91406CDE}.Ad-Hoc|iPhone.ActiveCfg = Release|Any CPU
		{F8C7D7D8-7409-4D03-BAC1-776E91406CDE}.Ad-Hoc|iPhone.Build.0 = Release|Any CPU
		{F8C7D7D8-7409-4D03-BAC1-776E91406CDE}.Ad-Hoc|iPhoneSimulator.ActiveCfg = Release|Any CPU
		{F8C7D7D8-7409-4D03-BAC1-776E91406CDE}.Ad-Hoc|iPhoneSimulator.Build.0 = Release|Any CPU
		{F8C7D7D8-7409-4D03-BAC1-776E91406CDE}.Ad-Hoc|x64.ActiveCfg = Debug|Any CPU
		{F8C7D7D8-7409-4D03-BAC1-776E91406CDE}.Ad-Hoc|x64.Build.0 = Debug|Any CPU
		{F8C7D7D8-7409-4D03-BAC1-776E91406CDE}.Ad-Hoc|x86.ActiveCfg = Release|Any CPU
		{F8C7D7D8-7409-4D03-BAC1-776E91406CDE}.Ad-Hoc|x86.Build.0 = Release|Any CPU
		{F8C7D7D8-7409-4D03-BAC1-776E91406CDE}.AppStore|Any CPU.ActiveCfg = Release|Any CPU
		{F8C7D7D8-7409-4D03-BAC1-776E91406CDE}.AppStore|Any CPU.Build.0 = Release|Any CPU
		{F8C7D7D8-7409-4D03-BAC1-776E91406CDE}.AppStore|ARM.ActiveCfg = Release|Any CPU
		{F8C7D7D8-7409-4D03-BAC1-776E91406CDE}.AppStore|ARM.Build.0 = Release|Any CPU
		{F8C7D7D8-7409-4D03-BAC1-776E91406CDE}.AppStore|iPhone.ActiveCfg = Release|Any CPU
		{F8C7D7D8-7409-4D03-BAC1-776E91406CDE}.AppStore|iPhone.Build.0 = Release|Any CPU
		{F8C7D7D8-7409-4D03-BAC1-776E91406CDE}.AppStore|iPhoneSimulator.ActiveCfg = Release|Any CPU
		{F8C7D7D8-7409-4D03-BAC1-776E91406CDE}.AppStore|iPhoneSimulator.Build.0 = Release|Any CPU
		{F8C7D7D8-7409-4D03-BAC1-776E91406CDE}.AppStore|x64.ActiveCfg = Debug|Any CPU
		{F8C7D7D8-7409-4D03-BAC1-776E91406CDE}.AppStore|x64.Build.0 = Debug|Any CPU
		{F8C7D7D8-7409-4D03-BAC1-776E91406CDE}.AppStore|x86.ActiveCfg = Release|Any CPU
		{F8C7D7D8-7409-4D03-BAC1-776E91406CDE}.AppStore|x86.Build.0 = Release|Any CPU
		{F8C7D7D8-7409-4D03-BAC1-776E91406CDE}.Debug|Any CPU.ActiveCfg = Debug|Any CPU
		{F8C7D7D8-7409-4D03-BAC1-776E91406CDE}.Debug|Any CPU.Build.0 = Debug|Any CPU
		{F8C7D7D8-7409-4D03-BAC1-776E91406CDE}.Debug|ARM.ActiveCfg = Debug|Any CPU
		{F8C7D7D8-7409-4D03-BAC1-776E91406CDE}.Debug|ARM.Build.0 = Debug|Any CPU
		{F8C7D7D8-7409-4D03-BAC1-776E91406CDE}.Debug|iPhone.ActiveCfg = Debug|Any CPU
		{F8C7D7D8-7409-4D03-BAC1-776E91406CDE}.Debug|iPhone.Build.0 = Debug|Any CPU
		{F8C7D7D8-7409-4D03-BAC1-776E91406CDE}.Debug|iPhoneSimulator.ActiveCfg = Debug|Any CPU
		{F8C7D7D8-7409-4D03-BAC1-776E91406CDE}.Debug|iPhoneSimulator.Build.0 = Debug|Any CPU
		{F8C7D7D8-7409-4D03-BAC1-776E91406CDE}.Debug|x64.ActiveCfg = Debug|Any CPU
		{F8C7D7D8-7409-4D03-BAC1-776E91406CDE}.Debug|x64.Build.0 = Debug|Any CPU
		{F8C7D7D8-7409-4D03-BAC1-776E91406CDE}.Debug|x86.ActiveCfg = Debug|Any CPU
		{F8C7D7D8-7409-4D03-BAC1-776E91406CDE}.Debug|x86.Build.0 = Debug|Any CPU
		{F8C7D7D8-7409-4D03-BAC1-776E91406CDE}.Release|Any CPU.ActiveCfg = Release|Any CPU
		{F8C7D7D8-7409-4D03-BAC1-776E91406CDE}.Release|Any CPU.Build.0 = Release|Any CPU
		{F8C7D7D8-7409-4D03-BAC1-776E91406CDE}.Release|ARM.ActiveCfg = Release|Any CPU
		{F8C7D7D8-7409-4D03-BAC1-776E91406CDE}.Release|ARM.Build.0 = Release|Any CPU
		{F8C7D7D8-7409-4D03-BAC1-776E91406CDE}.Release|iPhone.ActiveCfg = Release|Any CPU
		{F8C7D7D8-7409-4D03-BAC1-776E91406CDE}.Release|iPhone.Build.0 = Release|Any CPU
		{F8C7D7D8-7409-4D03-BAC1-776E91406CDE}.Release|iPhoneSimulator.ActiveCfg = Release|Any CPU
		{F8C7D7D8-7409-4D03-BAC1-776E91406CDE}.Release|iPhoneSimulator.Build.0 = Release|Any CPU
		{F8C7D7D8-7409-4D03-BAC1-776E91406CDE}.Release|x64.ActiveCfg = Release|Any CPU
		{F8C7D7D8-7409-4D03-BAC1-776E91406CDE}.Release|x64.Build.0 = Release|Any CPU
		{F8C7D7D8-7409-4D03-BAC1-776E91406CDE}.Release|x86.ActiveCfg = Release|Any CPU
		{F8C7D7D8-7409-4D03-BAC1-776E91406CDE}.Release|x86.Build.0 = Release|Any CPU
		{E519A552-0A87-4E3C-965A-721426E32637}.Ad-Hoc|Any CPU.ActiveCfg = Debug|Any CPU
		{E519A552-0A87-4E3C-965A-721426E32637}.Ad-Hoc|Any CPU.Build.0 = Debug|Any CPU
		{E519A552-0A87-4E3C-965A-721426E32637}.Ad-Hoc|ARM.ActiveCfg = Debug|Any CPU
		{E519A552-0A87-4E3C-965A-721426E32637}.Ad-Hoc|ARM.Build.0 = Debug|Any CPU
		{E519A552-0A87-4E3C-965A-721426E32637}.Ad-Hoc|iPhone.ActiveCfg = Debug|Any CPU
		{E519A552-0A87-4E3C-965A-721426E32637}.Ad-Hoc|iPhone.Build.0 = Debug|Any CPU
		{E519A552-0A87-4E3C-965A-721426E32637}.Ad-Hoc|iPhoneSimulator.ActiveCfg = Debug|Any CPU
		{E519A552-0A87-4E3C-965A-721426E32637}.Ad-Hoc|iPhoneSimulator.Build.0 = Debug|Any CPU
		{E519A552-0A87-4E3C-965A-721426E32637}.Ad-Hoc|x64.ActiveCfg = Debug|Any CPU
		{E519A552-0A87-4E3C-965A-721426E32637}.Ad-Hoc|x64.Build.0 = Debug|Any CPU
		{E519A552-0A87-4E3C-965A-721426E32637}.Ad-Hoc|x86.ActiveCfg = Debug|Any CPU
		{E519A552-0A87-4E3C-965A-721426E32637}.Ad-Hoc|x86.Build.0 = Debug|Any CPU
		{E519A552-0A87-4E3C-965A-721426E32637}.AppStore|Any CPU.ActiveCfg = Debug|Any CPU
		{E519A552-0A87-4E3C-965A-721426E32637}.AppStore|Any CPU.Build.0 = Debug|Any CPU
		{E519A552-0A87-4E3C-965A-721426E32637}.AppStore|ARM.ActiveCfg = Debug|Any CPU
		{E519A552-0A87-4E3C-965A-721426E32637}.AppStore|ARM.Build.0 = Debug|Any CPU
		{E519A552-0A87-4E3C-965A-721426E32637}.AppStore|iPhone.ActiveCfg = Debug|Any CPU
		{E519A552-0A87-4E3C-965A-721426E32637}.AppStore|iPhone.Build.0 = Debug|Any CPU
		{E519A552-0A87-4E3C-965A-721426E32637}.AppStore|iPhoneSimulator.ActiveCfg = Debug|Any CPU
		{E519A552-0A87-4E3C-965A-721426E32637}.AppStore|iPhoneSimulator.Build.0 = Debug|Any CPU
		{E519A552-0A87-4E3C-965A-721426E32637}.AppStore|x64.ActiveCfg = Debug|Any CPU
		{E519A552-0A87-4E3C-965A-721426E32637}.AppStore|x64.Build.0 = Debug|Any CPU
		{E519A552-0A87-4E3C-965A-721426E32637}.AppStore|x86.ActiveCfg = Debug|Any CPU
		{E519A552-0A87-4E3C-965A-721426E32637}.AppStore|x86.Build.0 = Debug|Any CPU
		{E519A552-0A87-4E3C-965A-721426E32637}.Debug|Any CPU.ActiveCfg = Debug|Any CPU
		{E519A552-0A87-4E3C-965A-721426E32637}.Debug|Any CPU.Build.0 = Debug|Any CPU
		{E519A552-0A87-4E3C-965A-721426E32637}.Debug|ARM.ActiveCfg = Debug|Any CPU
		{E519A552-0A87-4E3C-965A-721426E32637}.Debug|ARM.Build.0 = Debug|Any CPU
		{E519A552-0A87-4E3C-965A-721426E32637}.Debug|iPhone.ActiveCfg = Debug|Any CPU
		{E519A552-0A87-4E3C-965A-721426E32637}.Debug|iPhone.Build.0 = Debug|Any CPU
		{E519A552-0A87-4E3C-965A-721426E32637}.Debug|iPhoneSimulator.ActiveCfg = Debug|Any CPU
		{E519A552-0A87-4E3C-965A-721426E32637}.Debug|iPhoneSimulator.Build.0 = Debug|Any CPU
		{E519A552-0A87-4E3C-965A-721426E32637}.Debug|x64.ActiveCfg = Debug|Any CPU
		{E519A552-0A87-4E3C-965A-721426E32637}.Debug|x64.Build.0 = Debug|Any CPU
		{E519A552-0A87-4E3C-965A-721426E32637}.Debug|x86.ActiveCfg = Debug|Any CPU
		{E519A552-0A87-4E3C-965A-721426E32637}.Debug|x86.Build.0 = Debug|Any CPU
		{E519A552-0A87-4E3C-965A-721426E32637}.Release|Any CPU.ActiveCfg = Release|Any CPU
		{E519A552-0A87-4E3C-965A-721426E32637}.Release|Any CPU.Build.0 = Release|Any CPU
		{E519A552-0A87-4E3C-965A-721426E32637}.Release|ARM.ActiveCfg = Release|Any CPU
		{E519A552-0A87-4E3C-965A-721426E32637}.Release|ARM.Build.0 = Release|Any CPU
		{E519A552-0A87-4E3C-965A-721426E32637}.Release|iPhone.ActiveCfg = Release|Any CPU
		{E519A552-0A87-4E3C-965A-721426E32637}.Release|iPhone.Build.0 = Release|Any CPU
		{E519A552-0A87-4E3C-965A-721426E32637}.Release|iPhoneSimulator.ActiveCfg = Release|Any CPU
		{E519A552-0A87-4E3C-965A-721426E32637}.Release|iPhoneSimulator.Build.0 = Release|Any CPU
		{E519A552-0A87-4E3C-965A-721426E32637}.Release|x64.ActiveCfg = Release|Any CPU
		{E519A552-0A87-4E3C-965A-721426E32637}.Release|x64.Build.0 = Release|Any CPU
		{E519A552-0A87-4E3C-965A-721426E32637}.Release|x86.ActiveCfg = Release|Any CPU
		{E519A552-0A87-4E3C-965A-721426E32637}.Release|x86.Build.0 = Release|Any CPU
	EndGlobalSection
	GlobalSection(SolutionProperties) = preSolution
		HideSolutionNode = FALSE
	EndGlobalSection
	GlobalSection(NestedProjects) = preSolution
		{7096490F-E271-412B-8376-D58C226AB9FE} = {3015FCD9-4308-47F9-BC7B-1C060FCA31A9}
		{DA111357-2B43-4A94-9478-B42A2BF8DE7E} = {3015FCD9-4308-47F9-BC7B-1C060FCA31A9}
		{02094FA7-945E-43BB-AEB9-203C2D018E86} = {3015FCD9-4308-47F9-BC7B-1C060FCA31A9}
		{25F504C9-3250-4FD7-A6AA-A1FC11F24C08} = {3015FCD9-4308-47F9-BC7B-1C060FCA31A9}
		{F8C7D7D8-7409-4D03-BAC1-776E91406CDE} = {3015FCD9-4308-47F9-BC7B-1C060FCA31A9}
	EndGlobalSection
	GlobalSection(ExtensibilityGlobals) = postSolution
		SolutionGuid = {57DF9896-F097-4EC2-A34D-0320C38402CE}
	EndGlobalSection
EndGlobal
