{
  "version": 1,
  "dependencies": {
    ".NETFramework,Version=v4.5": {},
    ".NETFramework,Version=v4.5/win10-arm": {},
    ".NETFramework,Version=v4.5/win10-arm-aot": {},
    ".NETFramework,Version=v4.5/win10-arm64-aot": {},
    ".NETFramework,Version=v4.5/win10-x64": {},
    ".NETFramework,Version=v4.5/win10-x64-aot": {},
    ".NETFramework,Version=v4.5/win10-x86": {},
    ".NETFramework,Version=v4.5/win10-x86-aot": {},
    ".NETStandard,Version=v2.0": {
      "NETStandard.Library": {
        "type": "Direct",
        "requested": "[2.0.3, )",
        "resolved": "2.0.3",
        "contentHash": "st47PosZSHrjECdjeIzZQbzivYBJFv6P2nv4cj2ypdI204DO+vZ7l5raGMiX4eXMJ53RfOIg+/s4DHVZ54Nu2A==",
        "dependencies": {
          "Microsoft.NETCore.Platforms": "1.1.0"
        }
      },
      "Microsoft.NETCore.Platforms": {
        "type": "Transitive",
        "resolved": "1.1.0",
        "contentHash": "kz0PEW2lhqygehI/d6XsPCQzD7ff7gUJaVGPVETX611eadGsA3A877GdSlU0LRVMCTH/+P3o2iDTak+S08V2+A=="
      }
    },
    ".NETStandard,Version=v2.0/win10-arm": {},
    ".NETStandard,Version=v2.0/win10-arm-aot": {},
    ".NETStandard,Version=v2.0/win10-arm64-aot": {},
    ".NETStandard,Version=v2.0/win10-x64": {},
    ".NETStandard,Version=v2.0/win10-x64-aot": {},
    ".NETStandard,Version=v2.0/win10-x86": {},
    ".NETStandard,Version=v2.0/win10-x86-aot": {},
    "MonoAndroid,Version=v9.0": {
      "Xamarin.AndroidX.Biometric": {
        "type": "Direct",
        "requested": "[1.0.0-rc1, )",
        "resolved": "1.0.0-rc1",
        "contentHash": "uxG5wUXQ+LOM6TaSvIQ9lBbmkUSlFAMYme0iQVxfS+PxeW3JypmETNhpmojT60e3uSsU4ugpQrHulT8MBetG1g==",
        "dependencies": {
          "Xamarin.AndroidX.Annotation": "1.1.0-rc1",
          "Xamarin.AndroidX.AppCompat": "1.1.0-rc1",
          "Xamarin.AndroidX.Core": "1.1.0-rc1",
          "Xamarin.AndroidX.Fragment": "1.1.0-rc1"
        }
      },
      "Xamarin.AndroidX.Activity": {
        "type": "Transitive",
        "resolved": "1.0.0-rc1",
        "contentHash": "JARxMWak+jQ9xmdewBaomhy08YExeybIfqYpdns/qqc158VgnI96uuTKRngmu/aaWhqaDPGZMzL0X1yc6t9k7A==",
        "dependencies": {
          "Xamarin.AndroidX.Annotation": "1.1.0-rc1",
          "Xamarin.AndroidX.Core": "1.1.0-rc1",
          "Xamarin.AndroidX.Lifecycle.Runtime": "2.1.0-rc1",
          "Xamarin.AndroidX.Lifecycle.ViewModel": "2.1.0-rc1",
          "Xamarin.AndroidX.SavedState": "1.0.0-rc1"
        }
      },
      "Xamarin.AndroidX.Annotation": {
        "type": "Transitive",
        "resolved": "1.1.0-rc1",
        "contentHash": "/YipHM2N3KoyQQVgETMngxgWg8bTQyR9Gkb0e6T5AAAkoDLRdEnvNL7LOj9noFpKJ+o5RUq+35ANm5wD5leLvQ==",
        "dependencies": {
          "Xamarin.AndroidX.Migration": "1.0.0-rc1"
        }
      },
      "Xamarin.AndroidX.AppCompat": {
        "type": "Transitive",
        "resolved": "1.1.0-rc1",
        "contentHash": "nTYjMKDi5QeI2SxhYeZD88nAspnBx++QkzYXl5oljMWqR+ueqnZrlxsz1wTfB7mqNs63JrRLArt0SzyfJzrtLQ==",
        "dependencies": {
          "Xamarin.AndroidX.Annotation": "1.1.0-rc1",
          "Xamarin.AndroidX.AppCompat.Resources": "1.1.0-rc1",
          "Xamarin.AndroidX.Collection": "1.1.0-rc1",
          "Xamarin.AndroidX.Core": "1.1.0-rc1",
          "Xamarin.AndroidX.CursorAdapter": "1.0.0-rc1",
          "Xamarin.AndroidX.DrawerLayout": "1.0.0-rc1",
          "Xamarin.AndroidX.Fragment": "1.1.0-rc1"
        }
      },
      "Xamarin.AndroidX.AppCompat.Resources": {
        "type": "Transitive",
        "resolved": "1.1.0-rc1",
        "contentHash": "DY9HWhkEgY+Y68GIjWvEHykAFBhcSIvDpD9xkUQ7spHruJHVa2yqPeeRcsaYxarCk4Z5245YmMvQ8pTgy76Xrg==",
        "dependencies": {
          "Xamarin.AndroidX.Annotation": "1.1.0-rc1",
          "Xamarin.AndroidX.Collection": "1.1.0-rc1",
          "Xamarin.AndroidX.Core": "1.1.0-rc1",
          "Xamarin.AndroidX.VectorDrawable": "1.1.0-rc1",
          "Xamarin.AndroidX.VectorDrawable.Animated": "1.1.0-rc1"
        }
      },
      "Xamarin.AndroidX.Arch.Core.Common": {
        "type": "Transitive",
        "resolved": "2.1.0-rc1",
        "contentHash": "oThzna2pfkMnlyCPOaNx9BXbOUEbnNlzfoEHRhbfP0co0cCdKlkozri0hpVwXg4bFPdXRE2iLbpvcimY9hq1vQ==",
        "dependencies": {
          "Xamarin.AndroidX.Annotation": "1.1.0-rc1"
        }
      },
      "Xamarin.AndroidX.Arch.Core.Runtime": {
        "type": "Transitive",
        "resolved": "2.1.0-rc1",
        "contentHash": "KsF+cabUabklJXJ5AHnvJYJscAANjQWxuSP3czXXo+JqygBR19kJEE7JVE1XWrwwqkwHxVHGTr5oQ0yOAHzwEQ==",
        "dependencies": {
          "Xamarin.AndroidX.Annotation": "1.1.0-rc1",
          "Xamarin.AndroidX.Arch.Core.Common": "2.1.0-rc1"
        }
      },
      "Xamarin.AndroidX.Collection": {
        "type": "Transitive",
        "resolved": "1.1.0-rc1",
        "contentHash": "MtyYxY7xgGSbJytmkTjOKCnnF2fcFrS9Mka5h/qSQSCNZV6Lk4CMW2V9oZny/6+4umEofiy7Cf3VY2cdfyD7Yw==",
        "dependencies": {
          "Xamarin.AndroidX.Annotation": "1.1.0-rc1"
        }
      },
      "Xamarin.AndroidX.Core": {
        "type": "Transitive",
        "resolved": "1.1.0-rc1",
        "contentHash": "5eFKM1lfjPL+hEOIf3abs43TQXRgsC8Mgqk6XpSNPFXlinlZhWmFx3R4+SVZ0bxGUzwORTZUt/wYCIY1SVXAJg==",
        "dependencies": {
          "Xamarin.AndroidX.Annotation": "1.1.0-rc1",
          "Xamarin.AndroidX.Collection": "1.1.0-rc1",
          "Xamarin.AndroidX.Lifecycle.Runtime": "2.1.0-rc1",
          "Xamarin.AndroidX.VersionedParcelable": "1.1.0-rc1"
        }
      },
      "Xamarin.AndroidX.CursorAdapter": {
        "type": "Transitive",
        "resolved": "1.0.0-rc1",
        "contentHash": "aarMrO/p4Zp9lWLwQyxrtQnjy4fOsaSKT3bwi2mhFj6oLlyCZRGt34lpXg6w3XEcf1del4cgOGKp1szC6aG/Gw==",
        "dependencies": {
          "Xamarin.AndroidX.Annotation": "1.1.0-rc1"
        }
      },
      "Xamarin.AndroidX.CustomView": {
        "type": "Transitive",
        "resolved": "1.0.0-rc1",
        "contentHash": "/ltdWVElvev37/fI0hPXD5PRA9/q7oUJoR1J+VMHcnDbAFmREWWBIh4tK/sIj0waRph7Icl64WjAudD4pVT5PA==",
        "dependencies": {
          "Xamarin.AndroidX.Annotation": "1.1.0-rc1",
          "Xamarin.AndroidX.Core": "1.1.0-rc1"
        }
      },
      "Xamarin.AndroidX.DrawerLayout": {
        "type": "Transitive",
        "resolved": "1.0.0-rc1",
        "contentHash": "fI01hRyhhF/7QldBNDOpJieo8nIWdxtTKDLDXXp5ViWlSmqo5TzofDJstqskimQkzD9G+JJTmg9W6EbI/yt8SQ==",
        "dependencies": {
          "Xamarin.AndroidX.Annotation": "1.1.0-rc1",
          "Xamarin.AndroidX.Core": "1.1.0-rc1",
          "Xamarin.AndroidX.CustomView": "1.0.0-rc1"
        }
      },
      "Xamarin.AndroidX.Fragment": {
        "type": "Transitive",
        "resolved": "1.1.0-rc1",
        "contentHash": "jT7Ga0J4bZscFgQ4WZ8/Cd3DDin53eXGIHf+OdKOT9ZOcxpRWPyumtRqKftEGiYBoczBnqsg42foNR2wwDtZ1Q==",
        "dependencies": {
          "Xamarin.AndroidX.Activity": "1.0.0-rc1",
          "Xamarin.AndroidX.Annotation": "1.1.0-rc1",
          "Xamarin.AndroidX.Collection": "1.1.0-rc1",
          "Xamarin.AndroidX.Core": "1.1.0-rc1",
          "Xamarin.AndroidX.Lifecycle.ViewModel": "2.1.0-rc1",
          "Xamarin.AndroidX.Loader": "1.1.0-rc1",
          "Xamarin.AndroidX.ViewPager": "1.0.0-rc1"
        }
      },
      "Xamarin.AndroidX.Interpolator": {
        "type": "Transitive",
        "resolved": "1.0.0-rc1",
        "contentHash": "3gJo6EGx5grLm1YEIBNOjH+efOfbikV6R9r8baLh0L9oIGqEXYFi1MOCX907h6on5O+Aq2V1dreQgWsYkVyr9A==",
        "dependencies": {
          "Xamarin.AndroidX.Annotation": "1.1.0-rc1"
        }
      },
      "Xamarin.AndroidX.Lifecycle.Common": {
        "type": "Transitive",
        "resolved": "2.1.0-rc1",
        "contentHash": "Iy7ZeremYVfyx0wd6HcMau8u/U3brHmorH6ucarO/M7aA2H8+nokyjGhdOgEKhyDGdN0A9FSorzIX+QfH10Tcg==",
        "dependencies": {
          "Xamarin.AndroidX.Annotation": "1.1.0-rc1"
        }
      },
      "Xamarin.AndroidX.Lifecycle.LiveData.Core": {
        "type": "Transitive",
        "resolved": "2.1.0-rc1",
        "contentHash": "JcXJMGgNJY/dBQEpdlnVo9mt0cIMJBviL5Wyx0+1XmEC914WY4Yfw0sDYf9QVwqg6uPcjKH7RAFFTidiFmzffw==",
        "dependencies": {
          "Xamarin.AndroidX.Arch.Core.Common": "2.1.0-rc1",
          "Xamarin.AndroidX.Arch.Core.Runtime": "2.1.0-rc1",
          "Xamarin.AndroidX.Lifecycle.Common": "2.1.0-rc1"
        }
      },
      "Xamarin.AndroidX.Lifecycle.Runtime": {
        "type": "Transitive",
        "resolved": "2.1.0-rc1",
        "contentHash": "OdJQ7euAMEexo1dTNGiwscAnp00eKXZYPzwdk8EdkyUI4ltHuZCiHWQNNzfKtUn39EAQgghS19/W5p/DGnAK2g==",
        "dependencies": {
          "Xamarin.AndroidX.Annotation": "1.1.0-rc1",
          "Xamarin.AndroidX.Arch.Core.Common": "2.1.0-rc1",
          "Xamarin.AndroidX.Lifecycle.Common": "2.1.0-rc1"
        }
      },
      "Xamarin.AndroidX.Lifecycle.ViewModel": {
        "type": "Transitive",
        "resolved": "2.1.0-rc1",
        "contentHash": "ARbQPhT6NIfsmhKFZd8GudzIffLj8AqfnyislC+mQt6cRrkvik18myypFNlWECSva2Hb/eU3m51A6jF2Y0X7ow==",
        "dependencies": {
          "Xamarin.AndroidX.Annotation": "1.1.0-rc1"
        }
      },
      "Xamarin.AndroidX.Loader": {
        "type": "Transitive",
        "resolved": "1.1.0-rc1",
        "contentHash": "pDjv4re6EuzIm3eGBDZLADNVZPto5W+q1EsRn0vxjCsdvN8h/OhyEdmtoGxcJHHBmkPJUhH07r3apZV86Z6PhA==",
        "dependencies": {
          "Xamarin.AndroidX.Annotation": "1.1.0-rc1",
          "Xamarin.AndroidX.Collection": "1.1.0-rc1",
          "Xamarin.AndroidX.Core": "1.1.0-rc1",
          "Xamarin.AndroidX.Lifecycle.LiveData.Core": "2.1.0-rc1",
          "Xamarin.AndroidX.Lifecycle.ViewModel": "2.1.0-rc1"
        }
      },
      "Xamarin.AndroidX.Migration": {
        "type": "Transitive",
        "resolved": "1.0.0-rc1",
        "contentHash": "BLf2Y+Gf1Nq2aAbbT90h0XEusSZfxpYtkUswRWlWWgvptiLTdSFqoFMf0eGhv5KhLX10w+EgGO5RUtL+SDacpw==",
        "dependencies": {
          "Xamarin.AndroidX.MultiDex": "2.0.1-rc1"
        }
      },
      "Xamarin.AndroidX.MultiDex": {
        "type": "Transitive",
        "resolved": "2.0.1-rc1",
        "contentHash": "r/XRCT7ip1Bwm9iC3KIpPJ34KS1By5bLZ+2mdXO3qUvQWtbnFYC6YSOW2M18gSgBPm58tUPjS980dazvIJLHYA=="
      },
      "Xamarin.AndroidX.SavedState": {
        "type": "Transitive",
        "resolved": "1.0.0-rc1",
        "contentHash": "IJXHAGpCF5Zkpt9w51N/LdAjVC5JGx5jN4kByzGCtiMqoxu6Boq7GhscEiHdn/PZISsbxBhz0T3OnPR2Lv6R0Q==",
        "dependencies": {
          "Xamarin.AndroidX.Annotation": "1.1.0-rc1",
          "Xamarin.AndroidX.Arch.Core.Common": "2.1.0-rc1",
          "Xamarin.AndroidX.Lifecycle.Common": "2.1.0-rc1"
        }
      },
      "Xamarin.AndroidX.VectorDrawable": {
        "type": "Transitive",
        "resolved": "1.1.0-rc1",
        "contentHash": "LOU7V7Ibux595tHbnAZcjguHpGtGUxVViuVRbMCAPf8ZnMEkWTXOgoXffZC/T1o7ma5LB5KLN3ovekpfnPEA7A==",
        "dependencies": {
          "Xamarin.AndroidX.Annotation": "1.1.0-rc1",
          "Xamarin.AndroidX.Collection": "1.1.0-rc1",
          "Xamarin.AndroidX.Core": "1.1.0-rc1"
        }
      },
      "Xamarin.AndroidX.VectorDrawable.Animated": {
        "type": "Transitive",
        "resolved": "1.1.0-rc1",
        "contentHash": "DByI+aqr4Fg++lBERBOFbjNHu9ni5MnSUV+VnqHOvsxgLxxkNCYEUmS9KrO6aNWYWM+IHy/Uwg/N+HGhUje7LA==",
        "dependencies": {
          "Xamarin.AndroidX.Collection": "1.1.0-rc1",
          "Xamarin.AndroidX.Interpolator": "1.0.0-rc1",
          "Xamarin.AndroidX.VectorDrawable": "1.1.0-rc1"
        }
      },
      "Xamarin.AndroidX.VersionedParcelable": {
        "type": "Transitive",
        "resolved": "1.1.0-rc1",
        "contentHash": "uyXHMLNi65tcvhIdp1YQHg4+RVHuBCRk8giZRYo94gdZ1k4lS0WD3N7VKU3Mx8z3ra7dSY8peaWz8zGW9ys+/Q==",
        "dependencies": {
          "Xamarin.AndroidX.Annotation": "1.1.0-rc1",
          "Xamarin.AndroidX.Collection": "1.1.0-rc1"
        }
      },
      "Xamarin.AndroidX.ViewPager": {
        "type": "Transitive",
        "resolved": "1.0.0-rc1",
        "contentHash": "/iG2LrIhADZFXfnZ6lap27eRxjGN2ASAY50E020y7y4Qx3rCwGZTUzwHL+L7xd0CPNksAPu+nk/TJQ55jH19gw==",
        "dependencies": {
          "Xamarin.AndroidX.Annotation": "1.1.0-rc1",
          "Xamarin.AndroidX.Core": "1.1.0-rc1",
          "Xamarin.AndroidX.CustomView": "1.0.0-rc1"
        }
      }
    },
    "MonoAndroid,Version=v9.0/win10-arm": {},
    "MonoAndroid,Version=v9.0/win10-arm-aot": {},
    "MonoAndroid,Version=v9.0/win10-arm64-aot": {},
    "MonoAndroid,Version=v9.0/win10-x64": {},
    "MonoAndroid,Version=v9.0/win10-x64-aot": {},
    "MonoAndroid,Version=v9.0/win10-x86": {},
    "MonoAndroid,Version=v9.0/win10-x86-aot": {},
    "Tizen,Version=v4.0": {
      "Tizen.NET": {
        "type": "Direct",
        "requested": "[5.0.0.14562, )",
        "resolved": "5.0.0.14562",
        "contentHash": "DletjjDYCiy9oIr0NSyZ5QMP34sCsC41LgTs+Z8KeJrlFZnDCwOybX+uSs5OpRwQIDZCacpqnwKfYMxUFrnTBw==",
        "dependencies": {
          "Microsoft.NETCore.Platforms": "2.0.0",
          "Tizen.NET.API4": "4.0.1.14152"
        }
      },
      "Microsoft.NETCore.Platforms": {
        "type": "Transitive",
        "resolved": "2.0.0",
        "contentHash": "CCf4NjmDOoise7FAij2VPuHIgKKsu696vkTwhOkPVQfLsTmB2WLFfQ4yeO5Udtk8FD636UBMx6Y9eovzJKT76A=="
      },
      "Tizen.NET.API4": {
        "type": "Transitive",
        "resolved": "4.0.1.14152",
        "contentHash": "2awGXYaZ4W+ibz2qF5RbQCywX4m9eyGONUA0Zr+uuadNcPZrcplF12PG7a+k5iaDFvk4jcCq5AL7wYl3FTnI6Q=="
      }
    },
    "Tizen,Version=v4.0/win10-arm": {},
    "Tizen,Version=v4.0/win10-arm-aot": {},
    "Tizen,Version=v4.0/win10-arm64-aot": {},
    "Tizen,Version=v4.0/win10-x64": {},
    "Tizen,Version=v4.0/win10-x64-aot": {},
    "Tizen,Version=v4.0/win10-x86": {},
    "Tizen,Version=v4.0/win10-x86-aot": {},
    "UAP,Version=v10.0.16299": {
      "Microsoft.NETCore.UniversalWindowsPlatform": {
        "type": "Direct",
        "requested": "[6.1.9, )",
        "resolved": "6.1.9",
        "contentHash": "Z9Delrz1l8zEuhvuMljgiLqKQSsuvW0ijbsP2QCuC4syYuidXxfXBfnlisYPHunNoALLIIpRaFVTJ65K1FvxHg==",
        "dependencies": {
          "Microsoft.NETCore.Platforms": "2.0.0",
          "Microsoft.Net.Native.Compiler": "2.1.8",
          "Microsoft.Net.UWPCoreRuntimeSdk": "2.1.2",
          "NETStandard.Library": "2.0.3"
        }
      },
      "Microsoft.Net.Native.Compiler": {
        "type": "Transitive",
        "resolved": "2.1.8",
        "contentHash": "XhelL0kagNwYtUOQVsdCOO963yiDVgh8W8Dr0W0pKEn3aJCVMkvHUK07sRDpPbzBlbEtMXXvm/epFHKZ4NVt2Q==",
        "dependencies": {
          "runtime.win10-arm.Microsoft.Net.Native.Compiler": "2.1.8",
          "runtime.win10-x64.Microsoft.Net.Native.Compiler": "2.1.8",
          "runtime.win10-x86.Microsoft.Net.Native.Compiler": "2.1.8"
        }
      },
      "Microsoft.Net.UWPCoreRuntimeSdk": {
        "type": "Transitive",
        "resolved": "2.1.2",
        "contentHash": "AxVKlbHOIQbgHE7bbxo++qrXao3f3APPBXch/E0RYETmhmTlxSSssXcowGk3dch8K6VUpd77by87RysEogT6JQ==",
        "dependencies": {
          "runtime.win10-arm.Microsoft.Net.UWPCoreRuntimeSdk": "2.1.2",
          "runtime.win10-x64.Microsoft.Net.UWPCoreRuntimeSdk": "2.1.2",
          "runtime.win10-x86.Microsoft.Net.UWPCoreRuntimeSdk": "2.1.2"
        }
      },
      "Microsoft.NETCore.Platforms": {
        "type": "Transitive",
        "resolved": "2.0.0",
        "contentHash": "CCf4NjmDOoise7FAij2VPuHIgKKsu696vkTwhOkPVQfLsTmB2WLFfQ4yeO5Udtk8FD636UBMx6Y9eovzJKT76A=="
      },
      "NETStandard.Library": {
        "type": "Transitive",
        "resolved": "2.0.3",
        "contentHash": "st47PosZSHrjECdjeIzZQbzivYBJFv6P2nv4cj2ypdI204DO+vZ7l5raGMiX4eXMJ53RfOIg+/s4DHVZ54Nu2A==",
        "dependencies": {
          "Microsoft.NETCore.Platforms": "1.1.0"
        }
      },
      "runtime.win10-arm.Microsoft.Net.Native.Compiler": {
        "type": "Transitive",
        "resolved": "2.1.8",
        "contentHash": "rtnjgxFoFFOmCPTtYYWU4qSKjJmTNFnHwPDgQBAbloXXzos2DSwmPvLulOdZyVEZQAAM5wjeuWbQGPcWA0OkwA==",
        "dependencies": {
          "runtime.win10-arm.Microsoft.Net.Native.SharedLibrary": "2.1.8"
        }
      },
      "runtime.win10-arm.Microsoft.Net.Native.SharedLibrary": {
        "type": "Transitive",
        "resolved": "2.1.8",
        "contentHash": "AgZE8ap24GXzm3P8HA0GefOwej4rTGOD94aSnnJZ28jj9hKdZM7UmcS90+/kLKkzkFBZLRK7+UMHn2SPFPoTug=="
      },
      "runtime.win10-arm.Microsoft.Net.UWPCoreRuntimeSdk": {
        "type": "Transitive",
        "resolved": "2.1.2",
        "contentHash": "IasONRto6AAl6LdG/usV/CsC+gCvl3+oan4PmRiwhbtQnr8SOzN4L7OP3e78OjbcU99bzUoyWkYBD3C3WOOwag=="
      },
      "runtime.win10-x64.Microsoft.Net.Native.Compiler": {
        "type": "Transitive",
        "resolved": "2.1.8",
        "contentHash": "qVsevH8UVs8G6wKRoAeXWzwfmllWURi/acPZdK8qHFH4a2/dzNo30UxJdaglTYXjTqqaO8ZL5JvBnK1B1wK9aA==",
        "dependencies": {
          "runtime.win10-x64.Microsoft.Net.Native.SharedLibrary": "2.1.8"
        }
      },
      "runtime.win10-x64.Microsoft.Net.Native.SharedLibrary": {
        "type": "Transitive",
        "resolved": "2.1.8",
        "contentHash": "aUTYTKqelLL5dQOTWld3aVFamtazKyf0UgVCFRlb6/WAaIg2e+W6elf66y+uy76CYTQuKJ7zrQqzB6Cokko3fA=="
      },
      "runtime.win10-x64.Microsoft.Net.UWPCoreRuntimeSdk": {
        "type": "Transitive",
        "resolved": "2.1.2",
        "contentHash": "O3ykUbGKlY3bdapcCEyUCRH/dR2ylrtnLnVOpzv33PPtZvorKWcrB8DNuaBmfAzTCNKMSSbtR0/3yYysUpXbFg=="
      },
      "runtime.win10-x86.Microsoft.Net.Native.Compiler": {
        "type": "Transitive",
        "resolved": "2.1.8",
        "contentHash": "ikLCf5erXpW0vwppcZN77EcK6v6CSS0Z9DuFif2FfXuCsWbbcARqoBnM/4a1n6Ug4MXhhr9YSPtM3gUmpJrWrQ==",
        "dependencies": {
          "runtime.win10-x86.Microsoft.Net.Native.SharedLibrary": "2.1.8"
        }
      },
      "runtime.win10-x86.Microsoft.Net.Native.SharedLibrary": {
        "type": "Transitive",
        "resolved": "2.1.8",
        "contentHash": "4VD4rfGFJ9SJxVXkbRFuQUSj583VHg6BK7ZyKA+OYjjU7bqxvqk2hD2o/yBALPSPO/30uIkzzrmONOAiwJBbqQ=="
      },
      "runtime.win10-x86.Microsoft.Net.UWPCoreRuntimeSdk": {
        "type": "Transitive",
        "resolved": "2.1.2",
        "contentHash": "7FFnETsDe+tu8JllHnJ+eGAqGG+8JSneCPKfwilk1gwAngzCw3+5g097LyomIjcHhCYMo3wjHFDP5sI2gvXrQA=="
      }
    },
    "UAP,Version=v10.0.16299/win10-arm": {
      "Microsoft.NETCore.UniversalWindowsPlatform": {
        "type": "Direct",
        "requested": "[6.1.9, )",
        "resolved": "6.1.9",
        "contentHash": "Z9Delrz1l8zEuhvuMljgiLqKQSsuvW0ijbsP2QCuC4syYuidXxfXBfnlisYPHunNoALLIIpRaFVTJ65K1FvxHg==",
        "dependencies": {
          "Microsoft.NETCore.Platforms": "2.0.0",
          "Microsoft.Net.Native.Compiler": "2.1.8",
          "Microsoft.Net.UWPCoreRuntimeSdk": "2.1.2",
          "NETStandard.Library": "2.0.3",
          "runtime.win10-arm.Microsoft.NETCore.UniversalWindowsPlatform": "6.1.9"
        }
      },
      "runtime.win10-arm.Microsoft.NETCore.UniversalWindowsPlatform": {
        "type": "Transitive",
        "resolved": "6.1.9",
        "contentHash": "FLc9FFx67Xd/LglhXaNNrI++XGwDzIoJL7IH4Roo+x6K9daAGh58q7RDI50re+KP97mEpLwx2bkupQz9tOfsWw=="
      }
    },
    "UAP,Version=v10.0.16299/win10-arm-aot": {
      "Microsoft.NETCore.UniversalWindowsPlatform": {
        "type": "Direct",
        "requested": "[6.1.9, )",
        "resolved": "6.1.9",
        "contentHash": "Z9Delrz1l8zEuhvuMljgiLqKQSsuvW0ijbsP2QCuC4syYuidXxfXBfnlisYPHunNoALLIIpRaFVTJ65K1FvxHg==",
        "dependencies": {
          "Microsoft.NETCore.Platforms": "2.0.0",
          "Microsoft.Net.Native.Compiler": "2.1.8",
          "Microsoft.Net.UWPCoreRuntimeSdk": "2.1.2",
          "NETStandard.Library": "2.0.3",
          "runtime.win10-arm-aot.Microsoft.NETCore.UniversalWindowsPlatform": "6.1.9"
        }
      },
      "runtime.win10-arm-aot.Microsoft.NETCore.UniversalWindowsPlatform": {
        "type": "Transitive",
        "resolved": "6.1.9",
        "contentHash": "YlEnafP+HovFHMJZYG6pG0TH9buA0HeRVFK7w1G1tcq9+yg6P9fs3atRdaJtrvSDYTfh1MPb7ax52mRYawBiWQ=="
      }
    },
    "UAP,Version=v10.0.16299/win10-arm64-aot": {},
    "UAP,Version=v10.0.16299/win10-x64": {
      "Microsoft.NETCore.UniversalWindowsPlatform": {
        "type": "Direct",
        "requested": "[6.1.9, )",
        "resolved": "6.1.9",
        "contentHash": "Z9Delrz1l8zEuhvuMljgiLqKQSsuvW0ijbsP2QCuC4syYuidXxfXBfnlisYPHunNoALLIIpRaFVTJ65K1FvxHg==",
        "dependencies": {
          "Microsoft.NETCore.Platforms": "2.0.0",
          "Microsoft.Net.Native.Compiler": "2.1.8",
          "Microsoft.Net.UWPCoreRuntimeSdk": "2.1.2",
          "NETStandard.Library": "2.0.3",
          "runtime.win10-x64.Microsoft.NETCore.UniversalWindowsPlatform": "6.1.9"
        }
      },
      "runtime.win10-x64.Microsoft.NETCore.UniversalWindowsPlatform": {
        "type": "Transitive",
        "resolved": "6.1.9",
        "contentHash": "5oR2QcUdpbw0lxsYP/U2PTNI+w+GDw4BtekDUaNtGkXsHshcychs9D/zWk8T5AYbmUXc5tRMAvDNReWg9cXlWA=="
      }
    },
    "UAP,Version=v10.0.16299/win10-x64-aot": {
      "Microsoft.NETCore.UniversalWindowsPlatform": {
        "type": "Direct",
        "requested": "[6.1.9, )",
        "resolved": "6.1.9",
        "contentHash": "Z9Delrz1l8zEuhvuMljgiLqKQSsuvW0ijbsP2QCuC4syYuidXxfXBfnlisYPHunNoALLIIpRaFVTJ65K1FvxHg==",
        "dependencies": {
          "Microsoft.NETCore.Platforms": "2.0.0",
          "Microsoft.Net.Native.Compiler": "2.1.8",
          "Microsoft.Net.UWPCoreRuntimeSdk": "2.1.2",
          "NETStandard.Library": "2.0.3",
          "runtime.win10-x64-aot.Microsoft.NETCore.UniversalWindowsPlatform": "6.1.9"
        }
      },
      "runtime.win10-x64-aot.Microsoft.NETCore.UniversalWindowsPlatform": {
        "type": "Transitive",
        "resolved": "6.1.9",
        "contentHash": "7XCBIjMH5+N0yR6VpKXS9cmR+2dIKiUCGuzGp1uG2V+4e65mmx0YJGMcSWpG/DtShyoA/WhhNJH/ea3uKJxiWw=="
      }
    },
    "UAP,Version=v10.0.16299/win10-x86": {
      "Microsoft.NETCore.UniversalWindowsPlatform": {
        "type": "Direct",
        "requested": "[6.1.9, )",
        "resolved": "6.1.9",
        "contentHash": "Z9Delrz1l8zEuhvuMljgiLqKQSsuvW0ijbsP2QCuC4syYuidXxfXBfnlisYPHunNoALLIIpRaFVTJ65K1FvxHg==",
        "dependencies": {
          "Microsoft.NETCore.Platforms": "2.0.0",
          "Microsoft.Net.Native.Compiler": "2.1.8",
          "Microsoft.Net.UWPCoreRuntimeSdk": "2.1.2",
          "NETStandard.Library": "2.0.3",
          "runtime.win10-x86.Microsoft.NETCore.UniversalWindowsPlatform": "6.1.9"
        }
      },
      "runtime.win10-x86.Microsoft.NETCore.UniversalWindowsPlatform": {
        "type": "Transitive",
        "resolved": "6.1.9",
        "contentHash": "+ax/4FAWVTu0fMUoQ4llJyuqjv7HYgdDv4FgaDeFzjECYTHC+x+pbt8euBhdxNh5jXlTHaZoghqGtmrOJ8x+Rg=="
      }
    },
    "UAP,Version=v10.0.16299/win10-x86-aot": {
      "Microsoft.NETCore.UniversalWindowsPlatform": {
        "type": "Direct",
        "requested": "[6.1.9, )",
        "resolved": "6.1.9",
        "contentHash": "Z9Delrz1l8zEuhvuMljgiLqKQSsuvW0ijbsP2QCuC4syYuidXxfXBfnlisYPHunNoALLIIpRaFVTJ65K1FvxHg==",
        "dependencies": {
          "Microsoft.NETCore.Platforms": "2.0.0",
          "Microsoft.Net.Native.Compiler": "2.1.8",
          "Microsoft.Net.UWPCoreRuntimeSdk": "2.1.2",
          "NETStandard.Library": "2.0.3",
          "runtime.win10-x86-aot.Microsoft.NETCore.UniversalWindowsPlatform": "6.1.9"
        }
      },
      "runtime.win10-x86-aot.Microsoft.NETCore.UniversalWindowsPlatform": {
        "type": "Transitive",
        "resolved": "6.1.9",
        "contentHash": "uneYYEx5fq+DxciTAutwUx7wvo/ur9fnqJY08KbOO/alKPwFdDhmIjRtZqVQis4bd6+OOK65RYcwZVL77tOJkg=="
      }
    },
    "Xamarin.Mac,Version=v2.0": {},
    "Xamarin.Mac,Version=v2.0/win10-arm": {},
    "Xamarin.Mac,Version=v2.0/win10-arm-aot": {},
    "Xamarin.Mac,Version=v2.0/win10-arm64-aot": {},
    "Xamarin.Mac,Version=v2.0/win10-x64": {},
    "Xamarin.Mac,Version=v2.0/win10-x64-aot": {},
    "Xamarin.Mac,Version=v2.0/win10-x86": {},
    "Xamarin.Mac,Version=v2.0/win10-x86-aot": {},
    "Xamarin.TVOS,Version=v1.0": {},
    "Xamarin.TVOS,Version=v1.0/win10-arm": {},
    "Xamarin.TVOS,Version=v1.0/win10-arm-aot": {},
    "Xamarin.TVOS,Version=v1.0/win10-arm64-aot": {},
    "Xamarin.TVOS,Version=v1.0/win10-x64": {},
    "Xamarin.TVOS,Version=v1.0/win10-x64-aot": {},
    "Xamarin.TVOS,Version=v1.0/win10-x86": {},
    "Xamarin.TVOS,Version=v1.0/win10-x86-aot": {},
    "Xamarin.WatchOS,Version=v1.0": {},
    "Xamarin.WatchOS,Version=v1.0/win10-arm": {},
    "Xamarin.WatchOS,Version=v1.0/win10-arm-aot": {},
    "Xamarin.WatchOS,Version=v1.0/win10-arm64-aot": {},
    "Xamarin.WatchOS,Version=v1.0/win10-x64": {},
    "Xamarin.WatchOS,Version=v1.0/win10-x64-aot": {},
    "Xamarin.WatchOS,Version=v1.0/win10-x86": {},
    "Xamarin.WatchOS,Version=v1.0/win10-x86-aot": {},
    "Xamarin.iOS,Version=v1.0": {},
    "Xamarin.iOS,Version=v1.0/win10-arm": {},
    "Xamarin.iOS,Version=v1.0/win10-arm-aot": {},
    "Xamarin.iOS,Version=v1.0/win10-arm64-aot": {},
    "Xamarin.iOS,Version=v1.0/win10-x64": {},
    "Xamarin.iOS,Version=v1.0/win10-x64-aot": {},
    "Xamarin.iOS,Version=v1.0/win10-x86": {},
    "Xamarin.iOS,Version=v1.0/win10-x86-aot": {}
  }
}